
Microsoft Visual Studio Solution File, Format Version 12.00
# Visual Studio Version 16
VisualStudioVersion = 16.0.29709.97
MinimumVisualStudioVersion = 10.0.40219.1
Project("{2150E333-8FDC-42A3-9474-1A3956D46DE8}") = "Demo1", "Demo1", "{0AD192A5-F9DB-4230-AC42-BFDB6E53AC44}"
EndProject
Project("{9A19103F-16F7-4668-BE54-9A1E7A4F7556}") = "Demo1", "RCDA008F-Xamarin\RCDA008F-Xamarin\Demo1.csproj", "{33360E5E-4AF6-4A84-A4B5-7747FF37D38C}"
EndProject
Project("{FAE04EC0-301F-11D3-BF4B-00C04F79EFBC}") = "Demo1.Android", "RCDA008F-Xamarin\RCDA008F-Xamarin.Android\Demo1.Android.csproj", "{22374695-4B5C-4EC8-BD7A-6BBDBA0FDA70}"
EndProject
Project("{FAE04EC0-301F-11D3-BF4B-00C04F79EFBC}") = "Demo1.iOS", "RCDA008F-Xamarin\RCDA008F-Xamarin.iOS\Demo1.iOS.csproj", "{0E20C349-A935-489D-8E80-9C8712D3FEB0}"
EndProject
Project("{FAE04EC0-301F-11D3-BF4B-00C04F79EFBC}") = "Demo1.UWP", "RCDA008F-Xamarin\RCDA008F-Xamarin.UWP\Demo1.UWP.csproj", "{600865C2-78A8-434F-AA56-B644DF3EEC73}"
EndProject
Project("{2150E333-8FDC-42A3-9474-1A3956D46DE8}") = "Demo2", "Demo2", "{4701766F-CCA5-4776-8E83-7A6B42071182}"
EndProject
Project("{FAE04EC0-301F-11D3-BF4B-00C04F79EFBC}") = "Demo20.UWP", "Demo20\Demo20.UWP\Demo20.UWP.csproj", "{121D8D1D-4C24-41DF-9066-6FD70B43033A}"
EndProject
Project("{FAE04EC0-301F-11D3-BF4B-00C04F79EFBC}") = "Demo20.Android", "Demo20\Demo20.Android\Demo20.Android.csproj", "{B17766BB-868F-4D3D-8D63-7777F2F43E70}"
EndProject
Project("{9A19103F-16F7-4668-BE54-9A1E7A4F7556}") = "Demo20", "Demo20\Demo20\Demo20.csproj", "{F31CBA8F-3362-494F-A321-4493FCAE3B35}"
EndProject
Project("{2150E333-8FDC-42A3-9474-1A3956D46DE8}") = "Tps", "Tps", "{5C945CCB-883F-4612-9B2C-EF24AD20A352}"
EndProject
Project("{2150E333-8FDC-42A3-9474-1A3956D46DE8}") = "Tp1", "Tp1", "{3A129F2E-B428-4F3B-8ADD-E02F92B613E9}"
EndProject
Project("{9A19103F-16F7-4668-BE54-9A1E7A4F7556}") = "TP1", "TP1\TP1\TP1.csproj", "{61404E3C-8F54-4062-9CF7-82508E82B49E}"
EndProject
Project("{FAE04EC0-301F-11D3-BF4B-00C04F79EFBC}") = "TP1.UWP", "TP1\TP1.UWP\TP1.UWP.csproj", "{A4051445-357E-42C4-9292-F53A67451CA2}"
EndProject
Project("{FAE04EC0-301F-11D3-BF4B-00C04F79EFBC}") = "TP1.Android", "TP1\TP1.Android\TP1.Android.csproj", "{82A174FA-13BF-436D-946C-E4C00958F249}"
EndProject
Project("{FAE04EC0-301F-11D3-BF4B-00C04F79EFBC}") = "Demo3.UWP", "Demo3\Demo3.UWP\Demo3.UWP.csproj", "{F310871E-6633-4DC2-8549-74F5B5E7ADE2}"
EndProject
Project("{FAE04EC0-301F-11D3-BF4B-00C04F79EFBC}") = "Demo3.Android", "Demo3\Demo3.Android\Demo3.Android.csproj", "{9C130D92-3240-407C-8E41-FFB15A5B3D75}"
EndProject
Project("{9A19103F-16F7-4668-BE54-9A1E7A4F7556}") = "Demo3", "Demo3\Demo3\Demo3.csproj", "{C548E352-9C4D-4A43-B092-02B0421E7CB4}"
EndProject
Project("{2150E333-8FDC-42A3-9474-1A3956D46DE8}") = "Demo30", "Demo30", "{61477F12-F420-40B5-98F1-7BB58E31D949}"
EndProject
Project("{2150E333-8FDC-42A3-9474-1A3956D46DE8}") = "Tp2", "Tp2", "{341AD6CF-F79B-43BF-BDF6-18D35FFB1C36}"
EndProject
Project("{9A19103F-16F7-4668-BE54-9A1E7A4F7556}") = "Tp2", "Tp2\Tp2\Tp2.csproj", "{D86901D3-4CB6-48B6-8965-F45ED586C7CB}"
EndProject
Project("{FAE04EC0-301F-11D3-BF4B-00C04F79EFBC}") = "Tp2.Android", "Tp2\Tp2.Android\Tp2.Android.csproj", "{E91025F5-0FBF-4EFF-91D4-925B9D5042FF}"
EndProject
Project("{FAE04EC0-301F-11D3-BF4B-00C04F79EFBC}") = "Tp2.UWP", "Tp2\Tp2.UWP\Tp2.UWP.csproj", "{32F42488-D3FE-47C7-BA01-2F504467D777}"
EndProject
Project("{FAE04EC0-301F-11D3-BF4B-00C04F79EFBC}") = "Demo4.UWP", "Demo4\Demo4.UWP\Demo4.UWP.csproj", "{6699EF42-5764-4622-94AF-DD19B59A94EA}"
EndProject
Project("{FAE04EC0-301F-11D3-BF4B-00C04F79EFBC}") = "Demo4.Android", "Demo4\Demo4.Android\Demo4.Android.csproj", "{9CF13A4C-368C-4A71-9EAC-6680E86AA611}"
EndProject
Project("{9A19103F-16F7-4668-BE54-9A1E7A4F7556}") = "Demo4", "Demo4\Demo4\Demo4.csproj", "{A0E1143C-BC36-4980-B0C2-3FD1A1D3C39A}"
EndProject
Project("{2150E333-8FDC-42A3-9474-1A3956D46DE8}") = "Tp3", "Tp3", "{AB27D0F6-5017-4DA0-8405-68D119099218}"
EndProject
Project("{9A19103F-16F7-4668-BE54-9A1E7A4F7556}") = "Tp3", "Tp3\Tp3\Tp3.csproj", "{A707A53E-4AEC-460B-A62E-C7E38721699D}"
EndProject
Project("{FAE04EC0-301F-11D3-BF4B-00C04F79EFBC}") = "Tp3.UWP", "Tp3\Tp3.UWP\Tp3.UWP.csproj", "{C2F77A58-FEB8-4BCC-A925-883EB22B2CF0}"
EndProject
Project("{FAE04EC0-301F-11D3-BF4B-00C04F79EFBC}") = "Tp3.Android", "Tp3\Tp3.Android\Tp3.Android.csproj", "{04CF8F3B-4815-4C7E-87BE-85593A5E7365}"
EndProject
Project("{2150E333-8FDC-42A3-9474-1A3956D46DE8}") = "Demo40", "Demo40", "{06D8D1B2-F5C7-4701-83EE-23A34DB666DD}"
EndProject
Project("{2150E333-8FDC-42A3-9474-1A3956D46DE8}") = "Demo50", "Demo50", "{E5DFCA7C-EF5A-45F2-B4F0-3C996185B30B}"
EndProject
Project("{FAE04EC0-301F-11D3-BF4B-00C04F79EFBC}") = "Demo5.UWP", "Demo5\Demo5.UWP\Demo5.UWP.csproj", "{C949D1E6-E699-4D47-BF09-6E08F89667E6}"
EndProject
Project("{FAE04EC0-301F-11D3-BF4B-00C04F79EFBC}") = "Demo5.Android", "Demo5\Demo5.Android\Demo5.Android.csproj", "{ACBD3C3D-25FE-4C9D-8377-3586CFC1A96A}"
EndProject
Project("{9A19103F-16F7-4668-BE54-9A1E7A4F7556}") = "Demo5", "Demo5\Demo5\Demo5.csproj", "{160F1681-DB89-453B-B439-14BF50DE618B}"
EndProject
Project("{2150E333-8FDC-42A3-9474-1A3956D46DE8}") = "Tp4", "Tp4", "{6A6C35C1-97F6-4D61-A05C-B1B9389BE339}"
EndProject
Project("{9A19103F-16F7-4668-BE54-9A1E7A4F7556}") = "Tp4", "Tp4\Tp4\Tp4.csproj", "{03E31727-6AFC-4AFA-8D4B-5D42932276D7}"
EndProject
Project("{FAE04EC0-301F-11D3-BF4B-00C04F79EFBC}") = "Tp4.UWP", "Tp4\Tp4.UWP\Tp4.UWP.csproj", "{B399DA57-48F5-49F3-982C-5873A1FBDED4}"
EndProject
Project("{2150E333-8FDC-42A3-9474-1A3956D46DE8}") = "Demo60", "Demo60", "{36194D8E-3006-4978-8367-492D078B3EC2}"
EndProject
Project("{FAE04EC0-301F-11D3-BF4B-00C04F79EFBC}") = "Demo6.UWP", "Demo6\Demo6.UWP\Demo6.UWP.csproj", "{52BF1BAE-11C5-494B-B7C7-EC3C63390F1C}"
EndProject
Project("{FAE04EC0-301F-11D3-BF4B-00C04F79EFBC}") = "Demo6.Android", "Demo6\Demo6.Android\Demo6.Android.csproj", "{582CC3FE-996E-4954-B6C5-0FD6D3E93A80}"
EndProject
Project("{9A19103F-16F7-4668-BE54-9A1E7A4F7556}") = "Demo6", "Demo6\Demo6\Demo6.csproj", "{480A0723-45CC-4B2E-B44A-24DFB6523A1F}"
EndProject
Project("{2150E333-8FDC-42A3-9474-1A3956D46DE8}") = "Demo70", "Demo70", "{DFFB4F2C-F39C-487D-94CE-01B2693069DF}"
EndProject
Project("{FAE04EC0-301F-11D3-BF4B-00C04F79EFBC}") = "Demo7.UWP", "Demo7\Demo7.UWP\Demo7.UWP.csproj", "{A248A4A6-0B78-42CC-A596-A24DB45BEF16}"
EndProject
Project("{FAE04EC0-301F-11D3-BF4B-00C04F79EFBC}") = "Demo7.Android", "Demo7\Demo7.Android\Demo7.Android.csproj", "{CBC1E970-8BB1-4191-84BB-C45AA902DC96}"
EndProject
Project("{9A19103F-16F7-4668-BE54-9A1E7A4F7556}") = "Demo7", "Demo7\Demo7\Demo7.csproj", "{35A07773-AB69-4500-B338-6BEEC822F3AD}"
EndProject
Project("{2150E333-8FDC-42A3-9474-1A3956D46DE8}") = "Tp6", "Tp6", "{6F350CF0-83EF-4BF4-AC19-C4C45526A757}"
EndProject
Project("{9A19103F-16F7-4668-BE54-9A1E7A4F7556}") = "Tp6", "Tp6\Tp6\Tp6.csproj", "{D7088618-7139-43F0-AB41-A2137599780A}"
EndProject
Project("{FAE04EC0-301F-11D3-BF4B-00C04F79EFBC}") = "Tp6.Android", "Tp6\Tp6.Android\Tp6.Android.csproj", "{927B4BB9-7EF1-47D4-9071-6EEC7E85141D}"
EndProject
Project("{FAE04EC0-301F-11D3-BF4B-00C04F79EFBC}") = "Tp6.UWP", "Tp6\Tp6.UWP\Tp6.UWP.csproj", "{0129BDE5-538B-4197-8540-0BCF5770926F}"
EndProject
Global
	GlobalSection(SolutionConfigurationPlatforms) = preSolution
		Debug|Any CPU = Debug|Any CPU
		Debug|ARM = Debug|ARM
		Debug|iPhone = Debug|iPhone
		Debug|iPhoneSimulator = Debug|iPhoneSimulator
		Debug|x64 = Debug|x64
		Debug|x86 = Debug|x86
		Release|Any CPU = Release|Any CPU
		Release|ARM = Release|ARM
		Release|iPhone = Release|iPhone
		Release|iPhoneSimulator = Release|iPhoneSimulator
		Release|x64 = Release|x64
		Release|x86 = Release|x86
	EndGlobalSection
	GlobalSection(ProjectConfigurationPlatforms) = postSolution
		{33360E5E-4AF6-4A84-A4B5-7747FF37D38C}.Debug|Any CPU.ActiveCfg = Debug|Any CPU
		{33360E5E-4AF6-4A84-A4B5-7747FF37D38C}.Debug|Any CPU.Build.0 = Debug|Any CPU
		{33360E5E-4AF6-4A84-A4B5-7747FF37D38C}.Debug|ARM.ActiveCfg = Debug|Any CPU
		{33360E5E-4AF6-4A84-A4B5-7747FF37D38C}.Debug|ARM.Build.0 = Debug|Any CPU
		{33360E5E-4AF6-4A84-A4B5-7747FF37D38C}.Debug|iPhone.ActiveCfg = Debug|Any CPU
		{33360E5E-4AF6-4A84-A4B5-7747FF37D38C}.Debug|iPhone.Build.0 = Debug|Any CPU
		{33360E5E-4AF6-4A84-A4B5-7747FF37D38C}.Debug|iPhoneSimulator.ActiveCfg = Debug|Any CPU
		{33360E5E-4AF6-4A84-A4B5-7747FF37D38C}.Debug|iPhoneSimulator.Build.0 = Debug|Any CPU
		{33360E5E-4AF6-4A84-A4B5-7747FF37D38C}.Debug|x64.ActiveCfg = Debug|Any CPU
		{33360E5E-4AF6-4A84-A4B5-7747FF37D38C}.Debug|x64.Build.0 = Debug|Any CPU
		{33360E5E-4AF6-4A84-A4B5-7747FF37D38C}.Debug|x86.ActiveCfg = Debug|Any CPU
		{33360E5E-4AF6-4A84-A4B5-7747FF37D38C}.Debug|x86.Build.0 = Debug|Any CPU
		{33360E5E-4AF6-4A84-A4B5-7747FF37D38C}.Release|Any CPU.ActiveCfg = Release|Any CPU
		{33360E5E-4AF6-4A84-A4B5-7747FF37D38C}.Release|Any CPU.Build.0 = Release|Any CPU
		{33360E5E-4AF6-4A84-A4B5-7747FF37D38C}.Release|ARM.ActiveCfg = Release|Any CPU
		{33360E5E-4AF6-4A84-A4B5-7747FF37D38C}.Release|ARM.Build.0 = Release|Any CPU
		{33360E5E-4AF6-4A84-A4B5-7747FF37D38C}.Release|iPhone.ActiveCfg = Release|Any CPU
		{33360E5E-4AF6-4A84-A4B5-7747FF37D38C}.Release|iPhone.Build.0 = Release|Any CPU
		{33360E5E-4AF6-4A84-A4B5-7747FF37D38C}.Release|iPhoneSimulator.ActiveCfg = Release|Any CPU
		{33360E5E-4AF6-4A84-A4B5-7747FF37D38C}.Release|iPhoneSimulator.Build.0 = Release|Any CPU
		{33360E5E-4AF6-4A84-A4B5-7747FF37D38C}.Release|x64.ActiveCfg = Release|Any CPU
		{33360E5E-4AF6-4A84-A4B5-7747FF37D38C}.Release|x64.Build.0 = Release|Any CPU
		{33360E5E-4AF6-4A84-A4B5-7747FF37D38C}.Release|x86.ActiveCfg = Release|Any CPU
		{33360E5E-4AF6-4A84-A4B5-7747FF37D38C}.Release|x86.Build.0 = Release|Any CPU
		{22374695-4B5C-4EC8-BD7A-6BBDBA0FDA70}.Debug|Any CPU.ActiveCfg = Debug|Any CPU
		{22374695-4B5C-4EC8-BD7A-6BBDBA0FDA70}.Debug|Any CPU.Build.0 = Debug|Any CPU
		{22374695-4B5C-4EC8-BD7A-6BBDBA0FDA70}.Debug|Any CPU.Deploy.0 = Debug|Any CPU
		{22374695-4B5C-4EC8-BD7A-6BBDBA0FDA70}.Debug|ARM.ActiveCfg = Debug|Any CPU
		{22374695-4B5C-4EC8-BD7A-6BBDBA0FDA70}.Debug|ARM.Build.0 = Debug|Any CPU
		{22374695-4B5C-4EC8-BD7A-6BBDBA0FDA70}.Debug|ARM.Deploy.0 = Debug|Any CPU
		{22374695-4B5C-4EC8-BD7A-6BBDBA0FDA70}.Debug|iPhone.ActiveCfg = Debug|Any CPU
		{22374695-4B5C-4EC8-BD7A-6BBDBA0FDA70}.Debug|iPhone.Build.0 = Debug|Any CPU
		{22374695-4B5C-4EC8-BD7A-6BBDBA0FDA70}.Debug|iPhone.Deploy.0 = Debug|Any CPU
		{22374695-4B5C-4EC8-BD7A-6BBDBA0FDA70}.Debug|iPhoneSimulator.ActiveCfg = Debug|Any CPU
		{22374695-4B5C-4EC8-BD7A-6BBDBA0FDA70}.Debug|iPhoneSimulator.Build.0 = Debug|Any CPU
		{22374695-4B5C-4EC8-BD7A-6BBDBA0FDA70}.Debug|iPhoneSimulator.Deploy.0 = Debug|Any CPU
		{22374695-4B5C-4EC8-BD7A-6BBDBA0FDA70}.Debug|x64.ActiveCfg = Debug|Any CPU
		{22374695-4B5C-4EC8-BD7A-6BBDBA0FDA70}.Debug|x64.Build.0 = Debug|Any CPU
		{22374695-4B5C-4EC8-BD7A-6BBDBA0FDA70}.Debug|x64.Deploy.0 = Debug|Any CPU
		{22374695-4B5C-4EC8-BD7A-6BBDBA0FDA70}.Debug|x86.ActiveCfg = Debug|Any CPU
		{22374695-4B5C-4EC8-BD7A-6BBDBA0FDA70}.Debug|x86.Build.0 = Debug|Any CPU
		{22374695-4B5C-4EC8-BD7A-6BBDBA0FDA70}.Debug|x86.Deploy.0 = Debug|Any CPU
		{22374695-4B5C-4EC8-BD7A-6BBDBA0FDA70}.Release|Any CPU.ActiveCfg = Release|Any CPU
		{22374695-4B5C-4EC8-BD7A-6BBDBA0FDA70}.Release|Any CPU.Build.0 = Release|Any CPU
		{22374695-4B5C-4EC8-BD7A-6BBDBA0FDA70}.Release|Any CPU.Deploy.0 = Release|Any CPU
		{22374695-4B5C-4EC8-BD7A-6BBDBA0FDA70}.Release|ARM.ActiveCfg = Release|Any CPU
		{22374695-4B5C-4EC8-BD7A-6BBDBA0FDA70}.Release|ARM.Build.0 = Release|Any CPU
		{22374695-4B5C-4EC8-BD7A-6BBDBA0FDA70}.Release|ARM.Deploy.0 = Release|Any CPU
		{22374695-4B5C-4EC8-BD7A-6BBDBA0FDA70}.Release|iPhone.ActiveCfg = Release|Any CPU
		{22374695-4B5C-4EC8-BD7A-6BBDBA0FDA70}.Release|iPhone.Build.0 = Release|Any CPU
		{22374695-4B5C-4EC8-BD7A-6BBDBA0FDA70}.Release|iPhone.Deploy.0 = Release|Any CPU
		{22374695-4B5C-4EC8-BD7A-6BBDBA0FDA70}.Release|iPhoneSimulator.ActiveCfg = Release|Any CPU
		{22374695-4B5C-4EC8-BD7A-6BBDBA0FDA70}.Release|iPhoneSimulator.Build.0 = Release|Any CPU
		{22374695-4B5C-4EC8-BD7A-6BBDBA0FDA70}.Release|iPhoneSimulator.Deploy.0 = Release|Any CPU
		{22374695-4B5C-4EC8-BD7A-6BBDBA0FDA70}.Release|x64.ActiveCfg = Release|Any CPU
		{22374695-4B5C-4EC8-BD7A-6BBDBA0FDA70}.Release|x64.Build.0 = Release|Any CPU
		{22374695-4B5C-4EC8-BD7A-6BBDBA0FDA70}.Release|x64.Deploy.0 = Release|Any CPU
		{22374695-4B5C-4EC8-BD7A-6BBDBA0FDA70}.Release|x86.ActiveCfg = Release|Any CPU
		{22374695-4B5C-4EC8-BD7A-6BBDBA0FDA70}.Release|x86.Build.0 = Release|Any CPU
		{22374695-4B5C-4EC8-BD7A-6BBDBA0FDA70}.Release|x86.Deploy.0 = Release|Any CPU
		{0E20C349-A935-489D-8E80-9C8712D3FEB0}.Debug|Any CPU.ActiveCfg = Debug|iPhone
		{0E20C349-A935-489D-8E80-9C8712D3FEB0}.Debug|ARM.ActiveCfg = Debug|iPhone
		{0E20C349-A935-489D-8E80-9C8712D3FEB0}.Debug|iPhone.ActiveCfg = Debug|iPhone
		{0E20C349-A935-489D-8E80-9C8712D3FEB0}.Debug|iPhone.Build.0 = Debug|iPhone
		{0E20C349-A935-489D-8E80-9C8712D3FEB0}.Debug|iPhoneSimulator.ActiveCfg = Debug|iPhoneSimulator
		{0E20C349-A935-489D-8E80-9C8712D3FEB0}.Debug|iPhoneSimulator.Build.0 = Debug|iPhoneSimulator
		{0E20C349-A935-489D-8E80-9C8712D3FEB0}.Debug|x64.ActiveCfg = Debug|iPhone
		{0E20C349-A935-489D-8E80-9C8712D3FEB0}.Debug|x86.ActiveCfg = Debug|iPhone
		{0E20C349-A935-489D-8E80-9C8712D3FEB0}.Release|Any CPU.ActiveCfg = Release|iPhone
		{0E20C349-A935-489D-8E80-9C8712D3FEB0}.Release|ARM.ActiveCfg = Release|iPhone
		{0E20C349-A935-489D-8E80-9C8712D3FEB0}.Release|iPhone.ActiveCfg = Release|iPhone
		{0E20C349-A935-489D-8E80-9C8712D3FEB0}.Release|iPhone.Build.0 = Release|iPhone
		{0E20C349-A935-489D-8E80-9C8712D3FEB0}.Release|iPhoneSimulator.ActiveCfg = Release|iPhoneSimulator
		{0E20C349-A935-489D-8E80-9C8712D3FEB0}.Release|iPhoneSimulator.Build.0 = Release|iPhoneSimulator
		{0E20C349-A935-489D-8E80-9C8712D3FEB0}.Release|x64.ActiveCfg = Release|iPhone
		{0E20C349-A935-489D-8E80-9C8712D3FEB0}.Release|x86.ActiveCfg = Release|iPhone
		{600865C2-78A8-434F-AA56-B644DF3EEC73}.Debug|Any CPU.ActiveCfg = Debug|x86
		{600865C2-78A8-434F-AA56-B644DF3EEC73}.Debug|ARM.ActiveCfg = Debug|ARM
		{600865C2-78A8-434F-AA56-B644DF3EEC73}.Debug|ARM.Build.0 = Debug|ARM
		{600865C2-78A8-434F-AA56-B644DF3EEC73}.Debug|ARM.Deploy.0 = Debug|ARM
		{600865C2-78A8-434F-AA56-B644DF3EEC73}.Debug|iPhone.ActiveCfg = Debug|x86
		{600865C2-78A8-434F-AA56-B644DF3EEC73}.Debug|iPhoneSimulator.ActiveCfg = Debug|x86
		{600865C2-78A8-434F-AA56-B644DF3EEC73}.Debug|x64.ActiveCfg = Debug|x64
		{600865C2-78A8-434F-AA56-B644DF3EEC73}.Debug|x64.Build.0 = Debug|x64
		{600865C2-78A8-434F-AA56-B644DF3EEC73}.Debug|x64.Deploy.0 = Debug|x64
		{600865C2-78A8-434F-AA56-B644DF3EEC73}.Debug|x86.ActiveCfg = Debug|x86
		{600865C2-78A8-434F-AA56-B644DF3EEC73}.Debug|x86.Build.0 = Debug|x86
		{600865C2-78A8-434F-AA56-B644DF3EEC73}.Debug|x86.Deploy.0 = Debug|x86
		{600865C2-78A8-434F-AA56-B644DF3EEC73}.Release|Any CPU.ActiveCfg = Release|x86
		{600865C2-78A8-434F-AA56-B644DF3EEC73}.Release|ARM.ActiveCfg = Release|ARM
		{600865C2-78A8-434F-AA56-B644DF3EEC73}.Release|ARM.Build.0 = Release|ARM
		{600865C2-78A8-434F-AA56-B644DF3EEC73}.Release|ARM.Deploy.0 = Release|ARM
		{600865C2-78A8-434F-AA56-B644DF3EEC73}.Release|iPhone.ActiveCfg = Release|x86
		{600865C2-78A8-434F-AA56-B644DF3EEC73}.Release|iPhoneSimulator.ActiveCfg = Release|x86
		{600865C2-78A8-434F-AA56-B644DF3EEC73}.Release|x64.ActiveCfg = Release|x64
		{600865C2-78A8-434F-AA56-B644DF3EEC73}.Release|x64.Build.0 = Release|x64
		{600865C2-78A8-434F-AA56-B644DF3EEC73}.Release|x64.Deploy.0 = Release|x64
		{600865C2-78A8-434F-AA56-B644DF3EEC73}.Release|x86.ActiveCfg = Release|x86
		{600865C2-78A8-434F-AA56-B644DF3EEC73}.Release|x86.Build.0 = Release|x86
		{600865C2-78A8-434F-AA56-B644DF3EEC73}.Release|x86.Deploy.0 = Release|x86
		{121D8D1D-4C24-41DF-9066-6FD70B43033A}.Debug|Any CPU.ActiveCfg = Debug|x86
		{121D8D1D-4C24-41DF-9066-6FD70B43033A}.Debug|ARM.ActiveCfg = Debug|ARM
		{121D8D1D-4C24-41DF-9066-6FD70B43033A}.Debug|ARM.Build.0 = Debug|ARM
		{121D8D1D-4C24-41DF-9066-6FD70B43033A}.Debug|ARM.Deploy.0 = Debug|ARM
		{121D8D1D-4C24-41DF-9066-6FD70B43033A}.Debug|iPhone.ActiveCfg = Debug|x86
		{121D8D1D-4C24-41DF-9066-6FD70B43033A}.Debug|iPhoneSimulator.ActiveCfg = Debug|x86
		{121D8D1D-4C24-41DF-9066-6FD70B43033A}.Debug|x64.ActiveCfg = Debug|x64
		{121D8D1D-4C24-41DF-9066-6FD70B43033A}.Debug|x64.Build.0 = Debug|x64
		{121D8D1D-4C24-41DF-9066-6FD70B43033A}.Debug|x64.Deploy.0 = Debug|x64
		{121D8D1D-4C24-41DF-9066-6FD70B43033A}.Debug|x86.ActiveCfg = Debug|x86
		{121D8D1D-4C24-41DF-9066-6FD70B43033A}.Debug|x86.Build.0 = Debug|x86
		{121D8D1D-4C24-41DF-9066-6FD70B43033A}.Debug|x86.Deploy.0 = Debug|x86
		{121D8D1D-4C24-41DF-9066-6FD70B43033A}.Release|Any CPU.ActiveCfg = Release|x86
		{121D8D1D-4C24-41DF-9066-6FD70B43033A}.Release|ARM.ActiveCfg = Release|ARM
		{121D8D1D-4C24-41DF-9066-6FD70B43033A}.Release|ARM.Build.0 = Release|ARM
		{121D8D1D-4C24-41DF-9066-6FD70B43033A}.Release|ARM.Deploy.0 = Release|ARM
		{121D8D1D-4C24-41DF-9066-6FD70B43033A}.Release|iPhone.ActiveCfg = Release|x86
		{121D8D1D-4C24-41DF-9066-6FD70B43033A}.Release|iPhoneSimulator.ActiveCfg = Release|x86
		{121D8D1D-4C24-41DF-9066-6FD70B43033A}.Release|x64.ActiveCfg = Release|x64
		{121D8D1D-4C24-41DF-9066-6FD70B43033A}.Release|x64.Build.0 = Release|x64
		{121D8D1D-4C24-41DF-9066-6FD70B43033A}.Release|x64.Deploy.0 = Release|x64
		{121D8D1D-4C24-41DF-9066-6FD70B43033A}.Release|x86.ActiveCfg = Release|x86
		{121D8D1D-4C24-41DF-9066-6FD70B43033A}.Release|x86.Build.0 = Release|x86
		{121D8D1D-4C24-41DF-9066-6FD70B43033A}.Release|x86.Deploy.0 = Release|x86
		{B17766BB-868F-4D3D-8D63-7777F2F43E70}.Debug|Any CPU.ActiveCfg = Debug|Any CPU
		{B17766BB-868F-4D3D-8D63-7777F2F43E70}.Debug|Any CPU.Build.0 = Debug|Any CPU
		{B17766BB-868F-4D3D-8D63-7777F2F43E70}.Debug|Any CPU.Deploy.0 = Debug|Any CPU
		{B17766BB-868F-4D3D-8D63-7777F2F43E70}.Debug|ARM.ActiveCfg = Debug|Any CPU
		{B17766BB-868F-4D3D-8D63-7777F2F43E70}.Debug|ARM.Build.0 = Debug|Any CPU
		{B17766BB-868F-4D3D-8D63-7777F2F43E70}.Debug|ARM.Deploy.0 = Debug|Any CPU
		{B17766BB-868F-4D3D-8D63-7777F2F43E70}.Debug|iPhone.ActiveCfg = Debug|Any CPU
		{B17766BB-868F-4D3D-8D63-7777F2F43E70}.Debug|iPhone.Build.0 = Debug|Any CPU
		{B17766BB-868F-4D3D-8D63-7777F2F43E70}.Debug|iPhone.Deploy.0 = Debug|Any CPU
		{B17766BB-868F-4D3D-8D63-7777F2F43E70}.Debug|iPhoneSimulator.ActiveCfg = Debug|Any CPU
		{B17766BB-868F-4D3D-8D63-7777F2F43E70}.Debug|iPhoneSimulator.Build.0 = Debug|Any CPU
		{B17766BB-868F-4D3D-8D63-7777F2F43E70}.Debug|iPhoneSimulator.Deploy.0 = Debug|Any CPU
		{B17766BB-868F-4D3D-8D63-7777F2F43E70}.Debug|x64.ActiveCfg = Debug|Any CPU
		{B17766BB-868F-4D3D-8D63-7777F2F43E70}.Debug|x64.Build.0 = Debug|Any CPU
		{B17766BB-868F-4D3D-8D63-7777F2F43E70}.Debug|x64.Deploy.0 = Debug|Any CPU
		{B17766BB-868F-4D3D-8D63-7777F2F43E70}.Debug|x86.ActiveCfg = Debug|Any CPU
		{B17766BB-868F-4D3D-8D63-7777F2F43E70}.Debug|x86.Build.0 = Debug|Any CPU
		{B17766BB-868F-4D3D-8D63-7777F2F43E70}.Debug|x86.Deploy.0 = Debug|Any CPU
		{B17766BB-868F-4D3D-8D63-7777F2F43E70}.Release|Any CPU.ActiveCfg = Release|Any CPU
		{B17766BB-868F-4D3D-8D63-7777F2F43E70}.Release|Any CPU.Build.0 = Release|Any CPU
		{B17766BB-868F-4D3D-8D63-7777F2F43E70}.Release|Any CPU.Deploy.0 = Release|Any CPU
		{B17766BB-868F-4D3D-8D63-7777F2F43E70}.Release|ARM.ActiveCfg = Release|Any CPU
		{B17766BB-868F-4D3D-8D63-7777F2F43E70}.Release|ARM.Build.0 = Release|Any CPU
		{B17766BB-868F-4D3D-8D63-7777F2F43E70}.Release|ARM.Deploy.0 = Release|Any CPU
		{B17766BB-868F-4D3D-8D63-7777F2F43E70}.Release|iPhone.ActiveCfg = Release|Any CPU
		{B17766BB-868F-4D3D-8D63-7777F2F43E70}.Release|iPhone.Build.0 = Release|Any CPU
		{B17766BB-868F-4D3D-8D63-7777F2F43E70}.Release|iPhone.Deploy.0 = Release|Any CPU
		{B17766BB-868F-4D3D-8D63-7777F2F43E70}.Release|iPhoneSimulator.ActiveCfg = Release|Any CPU
		{B17766BB-868F-4D3D-8D63-7777F2F43E70}.Release|iPhoneSimulator.Build.0 = Release|Any CPU
		{B17766BB-868F-4D3D-8D63-7777F2F43E70}.Release|iPhoneSimulator.Deploy.0 = Release|Any CPU
		{B17766BB-868F-4D3D-8D63-7777F2F43E70}.Release|x64.ActiveCfg = Release|Any CPU
		{B17766BB-868F-4D3D-8D63-7777F2F43E70}.Release|x64.Build.0 = Release|Any CPU
		{B17766BB-868F-4D3D-8D63-7777F2F43E70}.Release|x64.Deploy.0 = Release|Any CPU
		{B17766BB-868F-4D3D-8D63-7777F2F43E70}.Release|x86.ActiveCfg = Release|Any CPU
		{B17766BB-868F-4D3D-8D63-7777F2F43E70}.Release|x86.Build.0 = Release|Any CPU
		{B17766BB-868F-4D3D-8D63-7777F2F43E70}.Release|x86.Deploy.0 = Release|Any CPU
		{F31CBA8F-3362-494F-A321-4493FCAE3B35}.Debug|Any CPU.ActiveCfg = Debug|Any CPU
		{F31CBA8F-3362-494F-A321-4493FCAE3B35}.Debug|Any CPU.Build.0 = Debug|Any CPU
		{F31CBA8F-3362-494F-A321-4493FCAE3B35}.Debug|ARM.ActiveCfg = Debug|Any CPU
		{F31CBA8F-3362-494F-A321-4493FCAE3B35}.Debug|ARM.Build.0 = Debug|Any CPU
		{F31CBA8F-3362-494F-A321-4493FCAE3B35}.Debug|iPhone.ActiveCfg = Debug|Any CPU
		{F31CBA8F-3362-494F-A321-4493FCAE3B35}.Debug|iPhone.Build.0 = Debug|Any CPU
		{F31CBA8F-3362-494F-A321-4493FCAE3B35}.Debug|iPhoneSimulator.ActiveCfg = Debug|Any CPU
		{F31CBA8F-3362-494F-A321-4493FCAE3B35}.Debug|iPhoneSimulator.Build.0 = Debug|Any CPU
		{F31CBA8F-3362-494F-A321-4493FCAE3B35}.Debug|x64.ActiveCfg = Debug|Any CPU
		{F31CBA8F-3362-494F-A321-4493FCAE3B35}.Debug|x64.Build.0 = Debug|Any CPU
		{F31CBA8F-3362-494F-A321-4493FCAE3B35}.Debug|x86.ActiveCfg = Debug|Any CPU
		{F31CBA8F-3362-494F-A321-4493FCAE3B35}.Debug|x86.Build.0 = Debug|Any CPU
		{F31CBA8F-3362-494F-A321-4493FCAE3B35}.Release|Any CPU.ActiveCfg = Release|Any CPU
		{F31CBA8F-3362-494F-A321-4493FCAE3B35}.Release|Any CPU.Build.0 = Release|Any CPU
		{F31CBA8F-3362-494F-A321-4493FCAE3B35}.Release|ARM.ActiveCfg = Release|Any CPU
		{F31CBA8F-3362-494F-A321-4493FCAE3B35}.Release|ARM.Build.0 = Release|Any CPU
		{F31CBA8F-3362-494F-A321-4493FCAE3B35}.Release|iPhone.ActiveCfg = Release|Any CPU
		{F31CBA8F-3362-494F-A321-4493FCAE3B35}.Release|iPhone.Build.0 = Release|Any CPU
		{F31CBA8F-3362-494F-A321-4493FCAE3B35}.Release|iPhoneSimulator.ActiveCfg = Release|Any CPU
		{F31CBA8F-3362-494F-A321-4493FCAE3B35}.Release|iPhoneSimulator.Build.0 = Release|Any CPU
		{F31CBA8F-3362-494F-A321-4493FCAE3B35}.Release|x64.ActiveCfg = Release|Any CPU
		{F31CBA8F-3362-494F-A321-4493FCAE3B35}.Release|x64.Build.0 = Release|Any CPU
		{F31CBA8F-3362-494F-A321-4493FCAE3B35}.Release|x86.ActiveCfg = Release|Any CPU
		{F31CBA8F-3362-494F-A321-4493FCAE3B35}.Release|x86.Build.0 = Release|Any CPU
		{61404E3C-8F54-4062-9CF7-82508E82B49E}.Debug|Any CPU.ActiveCfg = Debug|Any CPU
		{61404E3C-8F54-4062-9CF7-82508E82B49E}.Debug|Any CPU.Build.0 = Debug|Any CPU
		{61404E3C-8F54-4062-9CF7-82508E82B49E}.Debug|ARM.ActiveCfg = Debug|Any CPU
		{61404E3C-8F54-4062-9CF7-82508E82B49E}.Debug|ARM.Build.0 = Debug|Any CPU
		{61404E3C-8F54-4062-9CF7-82508E82B49E}.Debug|iPhone.ActiveCfg = Debug|Any CPU
		{61404E3C-8F54-4062-9CF7-82508E82B49E}.Debug|iPhone.Build.0 = Debug|Any CPU
		{61404E3C-8F54-4062-9CF7-82508E82B49E}.Debug|iPhoneSimulator.ActiveCfg = Debug|Any CPU
		{61404E3C-8F54-4062-9CF7-82508E82B49E}.Debug|iPhoneSimulator.Build.0 = Debug|Any CPU
		{61404E3C-8F54-4062-9CF7-82508E82B49E}.Debug|x64.ActiveCfg = Debug|Any CPU
		{61404E3C-8F54-4062-9CF7-82508E82B49E}.Debug|x64.Build.0 = Debug|Any CPU
		{61404E3C-8F54-4062-9CF7-82508E82B49E}.Debug|x86.ActiveCfg = Debug|Any CPU
		{61404E3C-8F54-4062-9CF7-82508E82B49E}.Debug|x86.Build.0 = Debug|Any CPU
		{61404E3C-8F54-4062-9CF7-82508E82B49E}.Release|Any CPU.ActiveCfg = Release|Any CPU
		{61404E3C-8F54-4062-9CF7-82508E82B49E}.Release|Any CPU.Build.0 = Release|Any CPU
		{61404E3C-8F54-4062-9CF7-82508E82B49E}.Release|ARM.ActiveCfg = Release|Any CPU
		{61404E3C-8F54-4062-9CF7-82508E82B49E}.Release|ARM.Build.0 = Release|Any CPU
		{61404E3C-8F54-4062-9CF7-82508E82B49E}.Release|iPhone.ActiveCfg = Release|Any CPU
		{61404E3C-8F54-4062-9CF7-82508E82B49E}.Release|iPhone.Build.0 = Release|Any CPU
		{61404E3C-8F54-4062-9CF7-82508E82B49E}.Release|iPhoneSimulator.ActiveCfg = Release|Any CPU
		{61404E3C-8F54-4062-9CF7-82508E82B49E}.Release|iPhoneSimulator.Build.0 = Release|Any CPU
		{61404E3C-8F54-4062-9CF7-82508E82B49E}.Release|x64.ActiveCfg = Release|Any CPU
		{61404E3C-8F54-4062-9CF7-82508E82B49E}.Release|x64.Build.0 = Release|Any CPU
		{61404E3C-8F54-4062-9CF7-82508E82B49E}.Release|x86.ActiveCfg = Release|Any CPU
		{61404E3C-8F54-4062-9CF7-82508E82B49E}.Release|x86.Build.0 = Release|Any CPU
		{A4051445-357E-42C4-9292-F53A67451CA2}.Debug|Any CPU.ActiveCfg = Debug|x86
		{A4051445-357E-42C4-9292-F53A67451CA2}.Debug|ARM.ActiveCfg = Debug|ARM
		{A4051445-357E-42C4-9292-F53A67451CA2}.Debug|ARM.Build.0 = Debug|ARM
		{A4051445-357E-42C4-9292-F53A67451CA2}.Debug|ARM.Deploy.0 = Debug|ARM
		{A4051445-357E-42C4-9292-F53A67451CA2}.Debug|iPhone.ActiveCfg = Debug|x86
		{A4051445-357E-42C4-9292-F53A67451CA2}.Debug|iPhoneSimulator.ActiveCfg = Debug|x86
		{A4051445-357E-42C4-9292-F53A67451CA2}.Debug|x64.ActiveCfg = Debug|x64
		{A4051445-357E-42C4-9292-F53A67451CA2}.Debug|x64.Build.0 = Debug|x64
		{A4051445-357E-42C4-9292-F53A67451CA2}.Debug|x64.Deploy.0 = Debug|x64
		{A4051445-357E-42C4-9292-F53A67451CA2}.Debug|x86.ActiveCfg = Debug|x86
		{A4051445-357E-42C4-9292-F53A67451CA2}.Debug|x86.Build.0 = Debug|x86
		{A4051445-357E-42C4-9292-F53A67451CA2}.Debug|x86.Deploy.0 = Debug|x86
		{A4051445-357E-42C4-9292-F53A67451CA2}.Release|Any CPU.ActiveCfg = Release|x86
		{A4051445-357E-42C4-9292-F53A67451CA2}.Release|ARM.ActiveCfg = Release|ARM
		{A4051445-357E-42C4-9292-F53A67451CA2}.Release|ARM.Build.0 = Release|ARM
		{A4051445-357E-42C4-9292-F53A67451CA2}.Release|ARM.Deploy.0 = Release|ARM
		{A4051445-357E-42C4-9292-F53A67451CA2}.Release|iPhone.ActiveCfg = Release|x86
		{A4051445-357E-42C4-9292-F53A67451CA2}.Release|iPhoneSimulator.ActiveCfg = Release|x86
		{A4051445-357E-42C4-9292-F53A67451CA2}.Release|x64.ActiveCfg = Release|x64
		{A4051445-357E-42C4-9292-F53A67451CA2}.Release|x64.Build.0 = Release|x64
		{A4051445-357E-42C4-9292-F53A67451CA2}.Release|x64.Deploy.0 = Release|x64
		{A4051445-357E-42C4-9292-F53A67451CA2}.Release|x86.ActiveCfg = Release|x86
		{A4051445-357E-42C4-9292-F53A67451CA2}.Release|x86.Build.0 = Release|x86
		{A4051445-357E-42C4-9292-F53A67451CA2}.Release|x86.Deploy.0 = Release|x86
		{82A174FA-13BF-436D-946C-E4C00958F249}.Debug|Any CPU.ActiveCfg = Debug|Any CPU
		{82A174FA-13BF-436D-946C-E4C00958F249}.Debug|Any CPU.Build.0 = Debug|Any CPU
		{82A174FA-13BF-436D-946C-E4C00958F249}.Debug|Any CPU.Deploy.0 = Debug|Any CPU
		{82A174FA-13BF-436D-946C-E4C00958F249}.Debug|ARM.ActiveCfg = Debug|Any CPU
		{82A174FA-13BF-436D-946C-E4C00958F249}.Debug|ARM.Build.0 = Debug|Any CPU
		{82A174FA-13BF-436D-946C-E4C00958F249}.Debug|ARM.Deploy.0 = Debug|Any CPU
		{82A174FA-13BF-436D-946C-E4C00958F249}.Debug|iPhone.ActiveCfg = Debug|Any CPU
		{82A174FA-13BF-436D-946C-E4C00958F249}.Debug|iPhone.Build.0 = Debug|Any CPU
		{82A174FA-13BF-436D-946C-E4C00958F249}.Debug|iPhone.Deploy.0 = Debug|Any CPU
		{82A174FA-13BF-436D-946C-E4C00958F249}.Debug|iPhoneSimulator.ActiveCfg = Debug|Any CPU
		{82A174FA-13BF-436D-946C-E4C00958F249}.Debug|iPhoneSimulator.Build.0 = Debug|Any CPU
		{82A174FA-13BF-436D-946C-E4C00958F249}.Debug|iPhoneSimulator.Deploy.0 = Debug|Any CPU
		{82A174FA-13BF-436D-946C-E4C00958F249}.Debug|x64.ActiveCfg = Debug|Any CPU
		{82A174FA-13BF-436D-946C-E4C00958F249}.Debug|x64.Build.0 = Debug|Any CPU
		{82A174FA-13BF-436D-946C-E4C00958F249}.Debug|x64.Deploy.0 = Debug|Any CPU
		{82A174FA-13BF-436D-946C-E4C00958F249}.Debug|x86.ActiveCfg = Debug|Any CPU
		{82A174FA-13BF-436D-946C-E4C00958F249}.Debug|x86.Build.0 = Debug|Any CPU
		{82A174FA-13BF-436D-946C-E4C00958F249}.Debug|x86.Deploy.0 = Debug|Any CPU
		{82A174FA-13BF-436D-946C-E4C00958F249}.Release|Any CPU.ActiveCfg = Release|Any CPU
		{82A174FA-13BF-436D-946C-E4C00958F249}.Release|Any CPU.Build.0 = Release|Any CPU
		{82A174FA-13BF-436D-946C-E4C00958F249}.Release|Any CPU.Deploy.0 = Release|Any CPU
		{82A174FA-13BF-436D-946C-E4C00958F249}.Release|ARM.ActiveCfg = Release|Any CPU
		{82A174FA-13BF-436D-946C-E4C00958F249}.Release|ARM.Build.0 = Release|Any CPU
		{82A174FA-13BF-436D-946C-E4C00958F249}.Release|ARM.Deploy.0 = Release|Any CPU
		{82A174FA-13BF-436D-946C-E4C00958F249}.Release|iPhone.ActiveCfg = Release|Any CPU
		{82A174FA-13BF-436D-946C-E4C00958F249}.Release|iPhone.Build.0 = Release|Any CPU
		{82A174FA-13BF-436D-946C-E4C00958F249}.Release|iPhone.Deploy.0 = Release|Any CPU
		{82A174FA-13BF-436D-946C-E4C00958F249}.Release|iPhoneSimulator.ActiveCfg = Release|Any CPU
		{82A174FA-13BF-436D-946C-E4C00958F249}.Release|iPhoneSimulator.Build.0 = Release|Any CPU
		{82A174FA-13BF-436D-946C-E4C00958F249}.Release|iPhoneSimulator.Deploy.0 = Release|Any CPU
		{82A174FA-13BF-436D-946C-E4C00958F249}.Release|x64.ActiveCfg = Release|Any CPU
		{82A174FA-13BF-436D-946C-E4C00958F249}.Release|x64.Build.0 = Release|Any CPU
		{82A174FA-13BF-436D-946C-E4C00958F249}.Release|x64.Deploy.0 = Release|Any CPU
		{82A174FA-13BF-436D-946C-E4C00958F249}.Release|x86.ActiveCfg = Release|Any CPU
		{82A174FA-13BF-436D-946C-E4C00958F249}.Release|x86.Build.0 = Release|Any CPU
		{82A174FA-13BF-436D-946C-E4C00958F249}.Release|x86.Deploy.0 = Release|Any CPU
		{F310871E-6633-4DC2-8549-74F5B5E7ADE2}.Debug|Any CPU.ActiveCfg = Debug|x86
		{F310871E-6633-4DC2-8549-74F5B5E7ADE2}.Debug|ARM.ActiveCfg = Debug|ARM
		{F310871E-6633-4DC2-8549-74F5B5E7ADE2}.Debug|ARM.Build.0 = Debug|ARM
		{F310871E-6633-4DC2-8549-74F5B5E7ADE2}.Debug|ARM.Deploy.0 = Debug|ARM
		{F310871E-6633-4DC2-8549-74F5B5E7ADE2}.Debug|iPhone.ActiveCfg = Debug|x86
		{F310871E-6633-4DC2-8549-74F5B5E7ADE2}.Debug|iPhoneSimulator.ActiveCfg = Debug|x86
		{F310871E-6633-4DC2-8549-74F5B5E7ADE2}.Debug|x64.ActiveCfg = Debug|x64
		{F310871E-6633-4DC2-8549-74F5B5E7ADE2}.Debug|x64.Build.0 = Debug|x64
		{F310871E-6633-4DC2-8549-74F5B5E7ADE2}.Debug|x64.Deploy.0 = Debug|x64
		{F310871E-6633-4DC2-8549-74F5B5E7ADE2}.Debug|x86.ActiveCfg = Debug|x86
		{F310871E-6633-4DC2-8549-74F5B5E7ADE2}.Debug|x86.Build.0 = Debug|x86
		{F310871E-6633-4DC2-8549-74F5B5E7ADE2}.Debug|x86.Deploy.0 = Debug|x86
		{F310871E-6633-4DC2-8549-74F5B5E7ADE2}.Release|Any CPU.ActiveCfg = Release|x86
		{F310871E-6633-4DC2-8549-74F5B5E7ADE2}.Release|ARM.ActiveCfg = Release|ARM
		{F310871E-6633-4DC2-8549-74F5B5E7ADE2}.Release|ARM.Build.0 = Release|ARM
		{F310871E-6633-4DC2-8549-74F5B5E7ADE2}.Release|ARM.Deploy.0 = Release|ARM
		{F310871E-6633-4DC2-8549-74F5B5E7ADE2}.Release|iPhone.ActiveCfg = Release|x86
		{F310871E-6633-4DC2-8549-74F5B5E7ADE2}.Release|iPhoneSimulator.ActiveCfg = Release|x86
		{F310871E-6633-4DC2-8549-74F5B5E7ADE2}.Release|x64.ActiveCfg = Release|x64
		{F310871E-6633-4DC2-8549-74F5B5E7ADE2}.Release|x64.Build.0 = Release|x64
		{F310871E-6633-4DC2-8549-74F5B5E7ADE2}.Release|x64.Deploy.0 = Release|x64
		{F310871E-6633-4DC2-8549-74F5B5E7ADE2}.Release|x86.ActiveCfg = Release|x86
		{F310871E-6633-4DC2-8549-74F5B5E7ADE2}.Release|x86.Build.0 = Release|x86
		{F310871E-6633-4DC2-8549-74F5B5E7ADE2}.Release|x86.Deploy.0 = Release|x86
		{9C130D92-3240-407C-8E41-FFB15A5B3D75}.Debug|Any CPU.ActiveCfg = Debug|Any CPU
		{9C130D92-3240-407C-8E41-FFB15A5B3D75}.Debug|Any CPU.Build.0 = Debug|Any CPU
		{9C130D92-3240-407C-8E41-FFB15A5B3D75}.Debug|Any CPU.Deploy.0 = Debug|Any CPU
		{9C130D92-3240-407C-8E41-FFB15A5B3D75}.Debug|ARM.ActiveCfg = Debug|Any CPU
		{9C130D92-3240-407C-8E41-FFB15A5B3D75}.Debug|ARM.Build.0 = Debug|Any CPU
		{9C130D92-3240-407C-8E41-FFB15A5B3D75}.Debug|ARM.Deploy.0 = Debug|Any CPU
		{9C130D92-3240-407C-8E41-FFB15A5B3D75}.Debug|iPhone.ActiveCfg = Debug|Any CPU
		{9C130D92-3240-407C-8E41-FFB15A5B3D75}.Debug|iPhone.Build.0 = Debug|Any CPU
		{9C130D92-3240-407C-8E41-FFB15A5B3D75}.Debug|iPhone.Deploy.0 = Debug|Any CPU
		{9C130D92-3240-407C-8E41-FFB15A5B3D75}.Debug|iPhoneSimulator.ActiveCfg = Debug|Any CPU
		{9C130D92-3240-407C-8E41-FFB15A5B3D75}.Debug|iPhoneSimulator.Build.0 = Debug|Any CPU
		{9C130D92-3240-407C-8E41-FFB15A5B3D75}.Debug|iPhoneSimulator.Deploy.0 = Debug|Any CPU
		{9C130D92-3240-407C-8E41-FFB15A5B3D75}.Debug|x64.ActiveCfg = Debug|Any CPU
		{9C130D92-3240-407C-8E41-FFB15A5B3D75}.Debug|x64.Build.0 = Debug|Any CPU
		{9C130D92-3240-407C-8E41-FFB15A5B3D75}.Debug|x64.Deploy.0 = Debug|Any CPU
		{9C130D92-3240-407C-8E41-FFB15A5B3D75}.Debug|x86.ActiveCfg = Debug|Any CPU
		{9C130D92-3240-407C-8E41-FFB15A5B3D75}.Debug|x86.Build.0 = Debug|Any CPU
		{9C130D92-3240-407C-8E41-FFB15A5B3D75}.Debug|x86.Deploy.0 = Debug|Any CPU
		{9C130D92-3240-407C-8E41-FFB15A5B3D75}.Release|Any CPU.ActiveCfg = Release|Any CPU
		{9C130D92-3240-407C-8E41-FFB15A5B3D75}.Release|Any CPU.Build.0 = Release|Any CPU
		{9C130D92-3240-407C-8E41-FFB15A5B3D75}.Release|Any CPU.Deploy.0 = Release|Any CPU
		{9C130D92-3240-407C-8E41-FFB15A5B3D75}.Release|ARM.ActiveCfg = Release|Any CPU
		{9C130D92-3240-407C-8E41-FFB15A5B3D75}.Release|ARM.Build.0 = Release|Any CPU
		{9C130D92-3240-407C-8E41-FFB15A5B3D75}.Release|ARM.Deploy.0 = Release|Any CPU
		{9C130D92-3240-407C-8E41-FFB15A5B3D75}.Release|iPhone.ActiveCfg = Release|Any CPU
		{9C130D92-3240-407C-8E41-FFB15A5B3D75}.Release|iPhone.Build.0 = Release|Any CPU
		{9C130D92-3240-407C-8E41-FFB15A5B3D75}.Release|iPhone.Deploy.0 = Release|Any CPU
		{9C130D92-3240-407C-8E41-FFB15A5B3D75}.Release|iPhoneSimulator.ActiveCfg = Release|Any CPU
		{9C130D92-3240-407C-8E41-FFB15A5B3D75}.Release|iPhoneSimulator.Build.0 = Release|Any CPU
		{9C130D92-3240-407C-8E41-FFB15A5B3D75}.Release|iPhoneSimulator.Deploy.0 = Release|Any CPU
		{9C130D92-3240-407C-8E41-FFB15A5B3D75}.Release|x64.ActiveCfg = Release|Any CPU
		{9C130D92-3240-407C-8E41-FFB15A5B3D75}.Release|x64.Build.0 = Release|Any CPU
		{9C130D92-3240-407C-8E41-FFB15A5B3D75}.Release|x64.Deploy.0 = Release|Any CPU
		{9C130D92-3240-407C-8E41-FFB15A5B3D75}.Release|x86.ActiveCfg = Release|Any CPU
		{9C130D92-3240-407C-8E41-FFB15A5B3D75}.Release|x86.Build.0 = Release|Any CPU
		{9C130D92-3240-407C-8E41-FFB15A5B3D75}.Release|x86.Deploy.0 = Release|Any CPU
		{C548E352-9C4D-4A43-B092-02B0421E7CB4}.Debug|Any CPU.ActiveCfg = Debug|Any CPU
		{C548E352-9C4D-4A43-B092-02B0421E7CB4}.Debug|Any CPU.Build.0 = Debug|Any CPU
		{C548E352-9C4D-4A43-B092-02B0421E7CB4}.Debug|ARM.ActiveCfg = Debug|Any CPU
		{C548E352-9C4D-4A43-B092-02B0421E7CB4}.Debug|ARM.Build.0 = Debug|Any CPU
		{C548E352-9C4D-4A43-B092-02B0421E7CB4}.Debug|iPhone.ActiveCfg = Debug|Any CPU
		{C548E352-9C4D-4A43-B092-02B0421E7CB4}.Debug|iPhone.Build.0 = Debug|Any CPU
		{C548E352-9C4D-4A43-B092-02B0421E7CB4}.Debug|iPhoneSimulator.ActiveCfg = Debug|Any CPU
		{C548E352-9C4D-4A43-B092-02B0421E7CB4}.Debug|iPhoneSimulator.Build.0 = Debug|Any CPU
		{C548E352-9C4D-4A43-B092-02B0421E7CB4}.Debug|x64.ActiveCfg = Debug|Any CPU
		{C548E352-9C4D-4A43-B092-02B0421E7CB4}.Debug|x64.Build.0 = Debug|Any CPU
		{C548E352-9C4D-4A43-B092-02B0421E7CB4}.Debug|x86.ActiveCfg = Debug|Any CPU
		{C548E352-9C4D-4A43-B092-02B0421E7CB4}.Debug|x86.Build.0 = Debug|Any CPU
		{C548E352-9C4D-4A43-B092-02B0421E7CB4}.Release|Any CPU.ActiveCfg = Release|Any CPU
		{C548E352-9C4D-4A43-B092-02B0421E7CB4}.Release|Any CPU.Build.0 = Release|Any CPU
		{C548E352-9C4D-4A43-B092-02B0421E7CB4}.Release|ARM.ActiveCfg = Release|Any CPU
		{C548E352-9C4D-4A43-B092-02B0421E7CB4}.Release|ARM.Build.0 = Release|Any CPU
		{C548E352-9C4D-4A43-B092-02B0421E7CB4}.Release|iPhone.ActiveCfg = Release|Any CPU
		{C548E352-9C4D-4A43-B092-02B0421E7CB4}.Release|iPhone.Build.0 = Release|Any CPU
		{C548E352-9C4D-4A43-B092-02B0421E7CB4}.Release|iPhoneSimulator.ActiveCfg = Release|Any CPU
		{C548E352-9C4D-4A43-B092-02B0421E7CB4}.Release|iPhoneSimulator.Build.0 = Release|Any CPU
		{C548E352-9C4D-4A43-B092-02B0421E7CB4}.Release|x64.ActiveCfg = Release|Any CPU
		{C548E352-9C4D-4A43-B092-02B0421E7CB4}.Release|x64.Build.0 = Release|Any CPU
		{C548E352-9C4D-4A43-B092-02B0421E7CB4}.Release|x86.ActiveCfg = Release|Any CPU
		{C548E352-9C4D-4A43-B092-02B0421E7CB4}.Release|x86.Build.0 = Release|Any CPU
		{D86901D3-4CB6-48B6-8965-F45ED586C7CB}.Debug|Any CPU.ActiveCfg = Debug|Any CPU
		{D86901D3-4CB6-48B6-8965-F45ED586C7CB}.Debug|Any CPU.Build.0 = Debug|Any CPU
		{D86901D3-4CB6-48B6-8965-F45ED586C7CB}.Debug|ARM.ActiveCfg = Debug|Any CPU
		{D86901D3-4CB6-48B6-8965-F45ED586C7CB}.Debug|ARM.Build.0 = Debug|Any CPU
		{D86901D3-4CB6-48B6-8965-F45ED586C7CB}.Debug|iPhone.ActiveCfg = Debug|Any CPU
		{D86901D3-4CB6-48B6-8965-F45ED586C7CB}.Debug|iPhone.Build.0 = Debug|Any CPU
		{D86901D3-4CB6-48B6-8965-F45ED586C7CB}.Debug|iPhoneSimulator.ActiveCfg = Debug|Any CPU
		{D86901D3-4CB6-48B6-8965-F45ED586C7CB}.Debug|iPhoneSimulator.Build.0 = Debug|Any CPU
		{D86901D3-4CB6-48B6-8965-F45ED586C7CB}.Debug|x64.ActiveCfg = Debug|Any CPU
		{D86901D3-4CB6-48B6-8965-F45ED586C7CB}.Debug|x64.Build.0 = Debug|Any CPU
		{D86901D3-4CB6-48B6-8965-F45ED586C7CB}.Debug|x86.ActiveCfg = Debug|Any CPU
		{D86901D3-4CB6-48B6-8965-F45ED586C7CB}.Debug|x86.Build.0 = Debug|Any CPU
		{D86901D3-4CB6-48B6-8965-F45ED586C7CB}.Release|Any CPU.ActiveCfg = Release|Any CPU
		{D86901D3-4CB6-48B6-8965-F45ED586C7CB}.Release|Any CPU.Build.0 = Release|Any CPU
		{D86901D3-4CB6-48B6-8965-F45ED586C7CB}.Release|ARM.ActiveCfg = Release|Any CPU
		{D86901D3-4CB6-48B6-8965-F45ED586C7CB}.Release|ARM.Build.0 = Release|Any CPU
		{D86901D3-4CB6-48B6-8965-F45ED586C7CB}.Release|iPhone.ActiveCfg = Release|Any CPU
		{D86901D3-4CB6-48B6-8965-F45ED586C7CB}.Release|iPhone.Build.0 = Release|Any CPU
		{D86901D3-4CB6-48B6-8965-F45ED586C7CB}.Release|iPhoneSimulator.ActiveCfg = Release|Any CPU
		{D86901D3-4CB6-48B6-8965-F45ED586C7CB}.Release|iPhoneSimulator.Build.0 = Release|Any CPU
		{D86901D3-4CB6-48B6-8965-F45ED586C7CB}.Release|x64.ActiveCfg = Release|Any CPU
		{D86901D3-4CB6-48B6-8965-F45ED586C7CB}.Release|x64.Build.0 = Release|Any CPU
		{D86901D3-4CB6-48B6-8965-F45ED586C7CB}.Release|x86.ActiveCfg = Release|Any CPU
		{D86901D3-4CB6-48B6-8965-F45ED586C7CB}.Release|x86.Build.0 = Release|Any CPU
		{E91025F5-0FBF-4EFF-91D4-925B9D5042FF}.Debug|Any CPU.ActiveCfg = Debug|Any CPU
		{E91025F5-0FBF-4EFF-91D4-925B9D5042FF}.Debug|Any CPU.Build.0 = Debug|Any CPU
		{E91025F5-0FBF-4EFF-91D4-925B9D5042FF}.Debug|Any CPU.Deploy.0 = Debug|Any CPU
		{E91025F5-0FBF-4EFF-91D4-925B9D5042FF}.Debug|ARM.ActiveCfg = Debug|Any CPU
		{E91025F5-0FBF-4EFF-91D4-925B9D5042FF}.Debug|ARM.Build.0 = Debug|Any CPU
		{E91025F5-0FBF-4EFF-91D4-925B9D5042FF}.Debug|ARM.Deploy.0 = Debug|Any CPU
		{E91025F5-0FBF-4EFF-91D4-925B9D5042FF}.Debug|iPhone.ActiveCfg = Debug|Any CPU
		{E91025F5-0FBF-4EFF-91D4-925B9D5042FF}.Debug|iPhone.Build.0 = Debug|Any CPU
		{E91025F5-0FBF-4EFF-91D4-925B9D5042FF}.Debug|iPhone.Deploy.0 = Debug|Any CPU
		{E91025F5-0FBF-4EFF-91D4-925B9D5042FF}.Debug|iPhoneSimulator.ActiveCfg = Debug|Any CPU
		{E91025F5-0FBF-4EFF-91D4-925B9D5042FF}.Debug|iPhoneSimulator.Build.0 = Debug|Any CPU
		{E91025F5-0FBF-4EFF-91D4-925B9D5042FF}.Debug|iPhoneSimulator.Deploy.0 = Debug|Any CPU
		{E91025F5-0FBF-4EFF-91D4-925B9D5042FF}.Debug|x64.ActiveCfg = Debug|Any CPU
		{E91025F5-0FBF-4EFF-91D4-925B9D5042FF}.Debug|x64.Build.0 = Debug|Any CPU
		{E91025F5-0FBF-4EFF-91D4-925B9D5042FF}.Debug|x64.Deploy.0 = Debug|Any CPU
		{E91025F5-0FBF-4EFF-91D4-925B9D5042FF}.Debug|x86.ActiveCfg = Debug|Any CPU
		{E91025F5-0FBF-4EFF-91D4-925B9D5042FF}.Debug|x86.Build.0 = Debug|Any CPU
		{E91025F5-0FBF-4EFF-91D4-925B9D5042FF}.Debug|x86.Deploy.0 = Debug|Any CPU
		{E91025F5-0FBF-4EFF-91D4-925B9D5042FF}.Release|Any CPU.ActiveCfg = Release|Any CPU
		{E91025F5-0FBF-4EFF-91D4-925B9D5042FF}.Release|Any CPU.Build.0 = Release|Any CPU
		{E91025F5-0FBF-4EFF-91D4-925B9D5042FF}.Release|Any CPU.Deploy.0 = Release|Any CPU
		{E91025F5-0FBF-4EFF-91D4-925B9D5042FF}.Release|ARM.ActiveCfg = Release|Any CPU
		{E91025F5-0FBF-4EFF-91D4-925B9D5042FF}.Release|ARM.Build.0 = Release|Any CPU
		{E91025F5-0FBF-4EFF-91D4-925B9D5042FF}.Release|ARM.Deploy.0 = Release|Any CPU
		{E91025F5-0FBF-4EFF-91D4-925B9D5042FF}.Release|iPhone.ActiveCfg = Release|Any CPU
		{E91025F5-0FBF-4EFF-91D4-925B9D5042FF}.Release|iPhone.Build.0 = Release|Any CPU
		{E91025F5-0FBF-4EFF-91D4-925B9D5042FF}.Release|iPhone.Deploy.0 = Release|Any CPU
		{E91025F5-0FBF-4EFF-91D4-925B9D5042FF}.Release|iPhoneSimulator.ActiveCfg = Release|Any CPU
		{E91025F5-0FBF-4EFF-91D4-925B9D5042FF}.Release|iPhoneSimulator.Build.0 = Release|Any CPU
		{E91025F5-0FBF-4EFF-91D4-925B9D5042FF}.Release|iPhoneSimulator.Deploy.0 = Release|Any CPU
		{E91025F5-0FBF-4EFF-91D4-925B9D5042FF}.Release|x64.ActiveCfg = Release|Any CPU
		{E91025F5-0FBF-4EFF-91D4-925B9D5042FF}.Release|x64.Build.0 = Release|Any CPU
		{E91025F5-0FBF-4EFF-91D4-925B9D5042FF}.Release|x64.Deploy.0 = Release|Any CPU
		{E91025F5-0FBF-4EFF-91D4-925B9D5042FF}.Release|x86.ActiveCfg = Release|Any CPU
		{E91025F5-0FBF-4EFF-91D4-925B9D5042FF}.Release|x86.Build.0 = Release|Any CPU
		{E91025F5-0FBF-4EFF-91D4-925B9D5042FF}.Release|x86.Deploy.0 = Release|Any CPU
		{32F42488-D3FE-47C7-BA01-2F504467D777}.Debug|Any CPU.ActiveCfg = Debug|x86
		{32F42488-D3FE-47C7-BA01-2F504467D777}.Debug|ARM.ActiveCfg = Debug|ARM
		{32F42488-D3FE-47C7-BA01-2F504467D777}.Debug|ARM.Build.0 = Debug|ARM
		{32F42488-D3FE-47C7-BA01-2F504467D777}.Debug|ARM.Deploy.0 = Debug|ARM
		{32F42488-D3FE-47C7-BA01-2F504467D777}.Debug|iPhone.ActiveCfg = Debug|x86
		{32F42488-D3FE-47C7-BA01-2F504467D777}.Debug|iPhoneSimulator.ActiveCfg = Debug|x86
		{32F42488-D3FE-47C7-BA01-2F504467D777}.Debug|x64.ActiveCfg = Debug|x64
		{32F42488-D3FE-47C7-BA01-2F504467D777}.Debug|x64.Build.0 = Debug|x64
		{32F42488-D3FE-47C7-BA01-2F504467D777}.Debug|x64.Deploy.0 = Debug|x64
		{32F42488-D3FE-47C7-BA01-2F504467D777}.Debug|x86.ActiveCfg = Debug|x86
		{32F42488-D3FE-47C7-BA01-2F504467D777}.Debug|x86.Build.0 = Debug|x86
		{32F42488-D3FE-47C7-BA01-2F504467D777}.Debug|x86.Deploy.0 = Debug|x86
		{32F42488-D3FE-47C7-BA01-2F504467D777}.Release|Any CPU.ActiveCfg = Release|x86
		{32F42488-D3FE-47C7-BA01-2F504467D777}.Release|ARM.ActiveCfg = Release|ARM
		{32F42488-D3FE-47C7-BA01-2F504467D777}.Release|ARM.Build.0 = Release|ARM
		{32F42488-D3FE-47C7-BA01-2F504467D777}.Release|ARM.Deploy.0 = Release|ARM
		{32F42488-D3FE-47C7-BA01-2F504467D777}.Release|iPhone.ActiveCfg = Release|x86
		{32F42488-D3FE-47C7-BA01-2F504467D777}.Release|iPhoneSimulator.ActiveCfg = Release|x86
		{32F42488-D3FE-47C7-BA01-2F504467D777}.Release|x64.ActiveCfg = Release|x64
		{32F42488-D3FE-47C7-BA01-2F504467D777}.Release|x64.Build.0 = Release|x64
		{32F42488-D3FE-47C7-BA01-2F504467D777}.Release|x64.Deploy.0 = Release|x64
		{32F42488-D3FE-47C7-BA01-2F504467D777}.Release|x86.ActiveCfg = Release|x86
		{32F42488-D3FE-47C7-BA01-2F504467D777}.Release|x86.Build.0 = Release|x86
		{32F42488-D3FE-47C7-BA01-2F504467D777}.Release|x86.Deploy.0 = Release|x86
		{6699EF42-5764-4622-94AF-DD19B59A94EA}.Debug|Any CPU.ActiveCfg = Debug|x86
		{6699EF42-5764-4622-94AF-DD19B59A94EA}.Debug|ARM.ActiveCfg = Debug|ARM
		{6699EF42-5764-4622-94AF-DD19B59A94EA}.Debug|ARM.Build.0 = Debug|ARM
		{6699EF42-5764-4622-94AF-DD19B59A94EA}.Debug|ARM.Deploy.0 = Debug|ARM
		{6699EF42-5764-4622-94AF-DD19B59A94EA}.Debug|iPhone.ActiveCfg = Debug|x86
		{6699EF42-5764-4622-94AF-DD19B59A94EA}.Debug|iPhoneSimulator.ActiveCfg = Debug|x86
		{6699EF42-5764-4622-94AF-DD19B59A94EA}.Debug|x64.ActiveCfg = Debug|x64
		{6699EF42-5764-4622-94AF-DD19B59A94EA}.Debug|x64.Build.0 = Debug|x64
		{6699EF42-5764-4622-94AF-DD19B59A94EA}.Debug|x64.Deploy.0 = Debug|x64
		{6699EF42-5764-4622-94AF-DD19B59A94EA}.Debug|x86.ActiveCfg = Debug|x86
		{6699EF42-5764-4622-94AF-DD19B59A94EA}.Debug|x86.Build.0 = Debug|x86
		{6699EF42-5764-4622-94AF-DD19B59A94EA}.Debug|x86.Deploy.0 = Debug|x86
		{6699EF42-5764-4622-94AF-DD19B59A94EA}.Release|Any CPU.ActiveCfg = Release|x86
		{6699EF42-5764-4622-94AF-DD19B59A94EA}.Release|ARM.ActiveCfg = Release|ARM
		{6699EF42-5764-4622-94AF-DD19B59A94EA}.Release|ARM.Build.0 = Release|ARM
		{6699EF42-5764-4622-94AF-DD19B59A94EA}.Release|ARM.Deploy.0 = Release|ARM
		{6699EF42-5764-4622-94AF-DD19B59A94EA}.Release|iPhone.ActiveCfg = Release|x86
		{6699EF42-5764-4622-94AF-DD19B59A94EA}.Release|iPhoneSimulator.ActiveCfg = Release|x86
		{6699EF42-5764-4622-94AF-DD19B59A94EA}.Release|x64.ActiveCfg = Release|x64
		{6699EF42-5764-4622-94AF-DD19B59A94EA}.Release|x64.Build.0 = Release|x64
		{6699EF42-5764-4622-94AF-DD19B59A94EA}.Release|x64.Deploy.0 = Release|x64
		{6699EF42-5764-4622-94AF-DD19B59A94EA}.Release|x86.ActiveCfg = Release|x86
		{6699EF42-5764-4622-94AF-DD19B59A94EA}.Release|x86.Build.0 = Release|x86
		{6699EF42-5764-4622-94AF-DD19B59A94EA}.Release|x86.Deploy.0 = Release|x86
		{9CF13A4C-368C-4A71-9EAC-6680E86AA611}.Debug|Any CPU.ActiveCfg = Debug|Any CPU
		{9CF13A4C-368C-4A71-9EAC-6680E86AA611}.Debug|Any CPU.Build.0 = Debug|Any CPU
		{9CF13A4C-368C-4A71-9EAC-6680E86AA611}.Debug|Any CPU.Deploy.0 = Debug|Any CPU
		{9CF13A4C-368C-4A71-9EAC-6680E86AA611}.Debug|ARM.ActiveCfg = Debug|Any CPU
		{9CF13A4C-368C-4A71-9EAC-6680E86AA611}.Debug|ARM.Build.0 = Debug|Any CPU
		{9CF13A4C-368C-4A71-9EAC-6680E86AA611}.Debug|ARM.Deploy.0 = Debug|Any CPU
		{9CF13A4C-368C-4A71-9EAC-6680E86AA611}.Debug|iPhone.ActiveCfg = Debug|Any CPU
		{9CF13A4C-368C-4A71-9EAC-6680E86AA611}.Debug|iPhone.Build.0 = Debug|Any CPU
		{9CF13A4C-368C-4A71-9EAC-6680E86AA611}.Debug|iPhone.Deploy.0 = Debug|Any CPU
		{9CF13A4C-368C-4A71-9EAC-6680E86AA611}.Debug|iPhoneSimulator.ActiveCfg = Debug|Any CPU
		{9CF13A4C-368C-4A71-9EAC-6680E86AA611}.Debug|iPhoneSimulator.Build.0 = Debug|Any CPU
		{9CF13A4C-368C-4A71-9EAC-6680E86AA611}.Debug|iPhoneSimulator.Deploy.0 = Debug|Any CPU
		{9CF13A4C-368C-4A71-9EAC-6680E86AA611}.Debug|x64.ActiveCfg = Debug|Any CPU
		{9CF13A4C-368C-4A71-9EAC-6680E86AA611}.Debug|x64.Build.0 = Debug|Any CPU
		{9CF13A4C-368C-4A71-9EAC-6680E86AA611}.Debug|x64.Deploy.0 = Debug|Any CPU
		{9CF13A4C-368C-4A71-9EAC-6680E86AA611}.Debug|x86.ActiveCfg = Debug|Any CPU
		{9CF13A4C-368C-4A71-9EAC-6680E86AA611}.Debug|x86.Build.0 = Debug|Any CPU
		{9CF13A4C-368C-4A71-9EAC-6680E86AA611}.Debug|x86.Deploy.0 = Debug|Any CPU
		{9CF13A4C-368C-4A71-9EAC-6680E86AA611}.Release|Any CPU.ActiveCfg = Release|Any CPU
		{9CF13A4C-368C-4A71-9EAC-6680E86AA611}.Release|Any CPU.Build.0 = Release|Any CPU
		{9CF13A4C-368C-4A71-9EAC-6680E86AA611}.Release|Any CPU.Deploy.0 = Release|Any CPU
		{9CF13A4C-368C-4A71-9EAC-6680E86AA611}.Release|ARM.ActiveCfg = Release|Any CPU
		{9CF13A4C-368C-4A71-9EAC-6680E86AA611}.Release|ARM.Build.0 = Release|Any CPU
		{9CF13A4C-368C-4A71-9EAC-6680E86AA611}.Release|ARM.Deploy.0 = Release|Any CPU
		{9CF13A4C-368C-4A71-9EAC-6680E86AA611}.Release|iPhone.ActiveCfg = Release|Any CPU
		{9CF13A4C-368C-4A71-9EAC-6680E86AA611}.Release|iPhone.Build.0 = Release|Any CPU
		{9CF13A4C-368C-4A71-9EAC-6680E86AA611}.Release|iPhone.Deploy.0 = Release|Any CPU
		{9CF13A4C-368C-4A71-9EAC-6680E86AA611}.Release|iPhoneSimulator.ActiveCfg = Release|Any CPU
		{9CF13A4C-368C-4A71-9EAC-6680E86AA611}.Release|iPhoneSimulator.Build.0 = Release|Any CPU
		{9CF13A4C-368C-4A71-9EAC-6680E86AA611}.Release|iPhoneSimulator.Deploy.0 = Release|Any CPU
		{9CF13A4C-368C-4A71-9EAC-6680E86AA611}.Release|x64.ActiveCfg = Release|Any CPU
		{9CF13A4C-368C-4A71-9EAC-6680E86AA611}.Release|x64.Build.0 = Release|Any CPU
		{9CF13A4C-368C-4A71-9EAC-6680E86AA611}.Release|x64.Deploy.0 = Release|Any CPU
		{9CF13A4C-368C-4A71-9EAC-6680E86AA611}.Release|x86.ActiveCfg = Release|Any CPU
		{9CF13A4C-368C-4A71-9EAC-6680E86AA611}.Release|x86.Build.0 = Release|Any CPU
		{9CF13A4C-368C-4A71-9EAC-6680E86AA611}.Release|x86.Deploy.0 = Release|Any CPU
		{A0E1143C-BC36-4980-B0C2-3FD1A1D3C39A}.Debug|Any CPU.ActiveCfg = Debug|Any CPU
		{A0E1143C-BC36-4980-B0C2-3FD1A1D3C39A}.Debug|Any CPU.Build.0 = Debug|Any CPU
		{A0E1143C-BC36-4980-B0C2-3FD1A1D3C39A}.Debug|ARM.ActiveCfg = Debug|Any CPU
		{A0E1143C-BC36-4980-B0C2-3FD1A1D3C39A}.Debug|ARM.Build.0 = Debug|Any CPU
		{A0E1143C-BC36-4980-B0C2-3FD1A1D3C39A}.Debug|iPhone.ActiveCfg = Debug|Any CPU
		{A0E1143C-BC36-4980-B0C2-3FD1A1D3C39A}.Debug|iPhone.Build.0 = Debug|Any CPU
		{A0E1143C-BC36-4980-B0C2-3FD1A1D3C39A}.Debug|iPhoneSimulator.ActiveCfg = Debug|Any CPU
		{A0E1143C-BC36-4980-B0C2-3FD1A1D3C39A}.Debug|iPhoneSimulator.Build.0 = Debug|Any CPU
		{A0E1143C-BC36-4980-B0C2-3FD1A1D3C39A}.Debug|x64.ActiveCfg = Debug|Any CPU
		{A0E1143C-BC36-4980-B0C2-3FD1A1D3C39A}.Debug|x64.Build.0 = Debug|Any CPU
		{A0E1143C-BC36-4980-B0C2-3FD1A1D3C39A}.Debug|x86.ActiveCfg = Debug|Any CPU
		{A0E1143C-BC36-4980-B0C2-3FD1A1D3C39A}.Debug|x86.Build.0 = Debug|Any CPU
		{A0E1143C-BC36-4980-B0C2-3FD1A1D3C39A}.Release|Any CPU.ActiveCfg = Release|Any CPU
		{A0E1143C-BC36-4980-B0C2-3FD1A1D3C39A}.Release|Any CPU.Build.0 = Release|Any CPU
		{A0E1143C-BC36-4980-B0C2-3FD1A1D3C39A}.Release|ARM.ActiveCfg = Release|Any CPU
		{A0E1143C-BC36-4980-B0C2-3FD1A1D3C39A}.Release|ARM.Build.0 = Release|Any CPU
		{A0E1143C-BC36-4980-B0C2-3FD1A1D3C39A}.Release|iPhone.ActiveCfg = Release|Any CPU
		{A0E1143C-BC36-4980-B0C2-3FD1A1D3C39A}.Release|iPhone.Build.0 = Release|Any CPU
		{A0E1143C-BC36-4980-B0C2-3FD1A1D3C39A}.Release|iPhoneSimulator.ActiveCfg = Release|Any CPU
		{A0E1143C-BC36-4980-B0C2-3FD1A1D3C39A}.Release|iPhoneSimulator.Build.0 = Release|Any CPU
		{A0E1143C-BC36-4980-B0C2-3FD1A1D3C39A}.Release|x64.ActiveCfg = Release|Any CPU
		{A0E1143C-BC36-4980-B0C2-3FD1A1D3C39A}.Release|x64.Build.0 = Release|Any CPU
		{A0E1143C-BC36-4980-B0C2-3FD1A1D3C39A}.Release|x86.ActiveCfg = Release|Any CPU
		{A0E1143C-BC36-4980-B0C2-3FD1A1D3C39A}.Release|x86.Build.0 = Release|Any CPU
		{A707A53E-4AEC-460B-A62E-C7E38721699D}.Debug|Any CPU.ActiveCfg = Debug|Any CPU
		{A707A53E-4AEC-460B-A62E-C7E38721699D}.Debug|Any CPU.Build.0 = Debug|Any CPU
		{A707A53E-4AEC-460B-A62E-C7E38721699D}.Debug|ARM.ActiveCfg = Debug|Any CPU
		{A707A53E-4AEC-460B-A62E-C7E38721699D}.Debug|ARM.Build.0 = Debug|Any CPU
		{A707A53E-4AEC-460B-A62E-C7E38721699D}.Debug|iPhone.ActiveCfg = Debug|Any CPU
		{A707A53E-4AEC-460B-A62E-C7E38721699D}.Debug|iPhone.Build.0 = Debug|Any CPU
		{A707A53E-4AEC-460B-A62E-C7E38721699D}.Debug|iPhoneSimulator.ActiveCfg = Debug|Any CPU
		{A707A53E-4AEC-460B-A62E-C7E38721699D}.Debug|iPhoneSimulator.Build.0 = Debug|Any CPU
		{A707A53E-4AEC-460B-A62E-C7E38721699D}.Debug|x64.ActiveCfg = Debug|Any CPU
		{A707A53E-4AEC-460B-A62E-C7E38721699D}.Debug|x64.Build.0 = Debug|Any CPU
		{A707A53E-4AEC-460B-A62E-C7E38721699D}.Debug|x86.ActiveCfg = Debug|Any CPU
		{A707A53E-4AEC-460B-A62E-C7E38721699D}.Debug|x86.Build.0 = Debug|Any CPU
		{A707A53E-4AEC-460B-A62E-C7E38721699D}.Release|Any CPU.ActiveCfg = Release|Any CPU
		{A707A53E-4AEC-460B-A62E-C7E38721699D}.Release|Any CPU.Build.0 = Release|Any CPU
		{A707A53E-4AEC-460B-A62E-C7E38721699D}.Release|ARM.ActiveCfg = Release|Any CPU
		{A707A53E-4AEC-460B-A62E-C7E38721699D}.Release|ARM.Build.0 = Release|Any CPU
		{A707A53E-4AEC-460B-A62E-C7E38721699D}.Release|iPhone.ActiveCfg = Release|Any CPU
		{A707A53E-4AEC-460B-A62E-C7E38721699D}.Release|iPhone.Build.0 = Release|Any CPU
		{A707A53E-4AEC-460B-A62E-C7E38721699D}.Release|iPhoneSimulator.ActiveCfg = Release|Any CPU
		{A707A53E-4AEC-460B-A62E-C7E38721699D}.Release|iPhoneSimulator.Build.0 = Release|Any CPU
		{A707A53E-4AEC-460B-A62E-C7E38721699D}.Release|x64.ActiveCfg = Release|Any CPU
		{A707A53E-4AEC-460B-A62E-C7E38721699D}.Release|x64.Build.0 = Release|Any CPU
		{A707A53E-4AEC-460B-A62E-C7E38721699D}.Release|x86.ActiveCfg = Release|Any CPU
		{A707A53E-4AEC-460B-A62E-C7E38721699D}.Release|x86.Build.0 = Release|Any CPU
		{C2F77A58-FEB8-4BCC-A925-883EB22B2CF0}.Debug|Any CPU.ActiveCfg = Debug|x86
		{C2F77A58-FEB8-4BCC-A925-883EB22B2CF0}.Debug|ARM.ActiveCfg = Debug|ARM
		{C2F77A58-FEB8-4BCC-A925-883EB22B2CF0}.Debug|ARM.Build.0 = Debug|ARM
		{C2F77A58-FEB8-4BCC-A925-883EB22B2CF0}.Debug|ARM.Deploy.0 = Debug|ARM
		{C2F77A58-FEB8-4BCC-A925-883EB22B2CF0}.Debug|iPhone.ActiveCfg = Debug|x86
		{C2F77A58-FEB8-4BCC-A925-883EB22B2CF0}.Debug|iPhoneSimulator.ActiveCfg = Debug|x86
		{C2F77A58-FEB8-4BCC-A925-883EB22B2CF0}.Debug|x64.ActiveCfg = Debug|x64
		{C2F77A58-FEB8-4BCC-A925-883EB22B2CF0}.Debug|x64.Build.0 = Debug|x64
		{C2F77A58-FEB8-4BCC-A925-883EB22B2CF0}.Debug|x64.Deploy.0 = Debug|x64
		{C2F77A58-FEB8-4BCC-A925-883EB22B2CF0}.Debug|x86.ActiveCfg = Debug|x86
		{C2F77A58-FEB8-4BCC-A925-883EB22B2CF0}.Debug|x86.Build.0 = Debug|x86
		{C2F77A58-FEB8-4BCC-A925-883EB22B2CF0}.Debug|x86.Deploy.0 = Debug|x86
		{C2F77A58-FEB8-4BCC-A925-883EB22B2CF0}.Release|Any CPU.ActiveCfg = Release|x86
		{C2F77A58-FEB8-4BCC-A925-883EB22B2CF0}.Release|ARM.ActiveCfg = Release|ARM
		{C2F77A58-FEB8-4BCC-A925-883EB22B2CF0}.Release|ARM.Build.0 = Release|ARM
		{C2F77A58-FEB8-4BCC-A925-883EB22B2CF0}.Release|ARM.Deploy.0 = Release|ARM
		{C2F77A58-FEB8-4BCC-A925-883EB22B2CF0}.Release|iPhone.ActiveCfg = Release|x86
		{C2F77A58-FEB8-4BCC-A925-883EB22B2CF0}.Release|iPhoneSimulator.ActiveCfg = Release|x86
		{C2F77A58-FEB8-4BCC-A925-883EB22B2CF0}.Release|x64.ActiveCfg = Release|x64
		{C2F77A58-FEB8-4BCC-A925-883EB22B2CF0}.Release|x64.Build.0 = Release|x64
		{C2F77A58-FEB8-4BCC-A925-883EB22B2CF0}.Release|x64.Deploy.0 = Release|x64
		{C2F77A58-FEB8-4BCC-A925-883EB22B2CF0}.Release|x86.ActiveCfg = Release|x86
		{C2F77A58-FEB8-4BCC-A925-883EB22B2CF0}.Release|x86.Build.0 = Release|x86
		{C2F77A58-FEB8-4BCC-A925-883EB22B2CF0}.Release|x86.Deploy.0 = Release|x86
		{04CF8F3B-4815-4C7E-87BE-85593A5E7365}.Debug|Any CPU.ActiveCfg = Debug|Any CPU
		{04CF8F3B-4815-4C7E-87BE-85593A5E7365}.Debug|Any CPU.Build.0 = Debug|Any CPU
		{04CF8F3B-4815-4C7E-87BE-85593A5E7365}.Debug|Any CPU.Deploy.0 = Debug|Any CPU
		{04CF8F3B-4815-4C7E-87BE-85593A5E7365}.Debug|ARM.ActiveCfg = Debug|Any CPU
		{04CF8F3B-4815-4C7E-87BE-85593A5E7365}.Debug|ARM.Build.0 = Debug|Any CPU
		{04CF8F3B-4815-4C7E-87BE-85593A5E7365}.Debug|ARM.Deploy.0 = Debug|Any CPU
		{04CF8F3B-4815-4C7E-87BE-85593A5E7365}.Debug|iPhone.ActiveCfg = Debug|Any CPU
		{04CF8F3B-4815-4C7E-87BE-85593A5E7365}.Debug|iPhone.Build.0 = Debug|Any CPU
		{04CF8F3B-4815-4C7E-87BE-85593A5E7365}.Debug|iPhone.Deploy.0 = Debug|Any CPU
		{04CF8F3B-4815-4C7E-87BE-85593A5E7365}.Debug|iPhoneSimulator.ActiveCfg = Debug|Any CPU
		{04CF8F3B-4815-4C7E-87BE-85593A5E7365}.Debug|iPhoneSimulator.Build.0 = Debug|Any CPU
		{04CF8F3B-4815-4C7E-87BE-85593A5E7365}.Debug|iPhoneSimulator.Deploy.0 = Debug|Any CPU
		{04CF8F3B-4815-4C7E-87BE-85593A5E7365}.Debug|x64.ActiveCfg = Debug|Any CPU
		{04CF8F3B-4815-4C7E-87BE-85593A5E7365}.Debug|x64.Build.0 = Debug|Any CPU
		{04CF8F3B-4815-4C7E-87BE-85593A5E7365}.Debug|x64.Deploy.0 = Debug|Any CPU
		{04CF8F3B-4815-4C7E-87BE-85593A5E7365}.Debug|x86.ActiveCfg = Debug|Any CPU
		{04CF8F3B-4815-4C7E-87BE-85593A5E7365}.Debug|x86.Build.0 = Debug|Any CPU
		{04CF8F3B-4815-4C7E-87BE-85593A5E7365}.Debug|x86.Deploy.0 = Debug|Any CPU
		{04CF8F3B-4815-4C7E-87BE-85593A5E7365}.Release|Any CPU.ActiveCfg = Release|Any CPU
		{04CF8F3B-4815-4C7E-87BE-85593A5E7365}.Release|Any CPU.Build.0 = Release|Any CPU
		{04CF8F3B-4815-4C7E-87BE-85593A5E7365}.Release|Any CPU.Deploy.0 = Release|Any CPU
		{04CF8F3B-4815-4C7E-87BE-85593A5E7365}.Release|ARM.ActiveCfg = Release|Any CPU
		{04CF8F3B-4815-4C7E-87BE-85593A5E7365}.Release|ARM.Build.0 = Release|Any CPU
		{04CF8F3B-4815-4C7E-87BE-85593A5E7365}.Release|ARM.Deploy.0 = Release|Any CPU
		{04CF8F3B-4815-4C7E-87BE-85593A5E7365}.Release|iPhone.ActiveCfg = Release|Any CPU
		{04CF8F3B-4815-4C7E-87BE-85593A5E7365}.Release|iPhone.Build.0 = Release|Any CPU
		{04CF8F3B-4815-4C7E-87BE-85593A5E7365}.Release|iPhone.Deploy.0 = Release|Any CPU
		{04CF8F3B-4815-4C7E-87BE-85593A5E7365}.Release|iPhoneSimulator.ActiveCfg = Release|Any CPU
		{04CF8F3B-4815-4C7E-87BE-85593A5E7365}.Release|iPhoneSimulator.Build.0 = Release|Any CPU
		{04CF8F3B-4815-4C7E-87BE-85593A5E7365}.Release|iPhoneSimulator.Deploy.0 = Release|Any CPU
		{04CF8F3B-4815-4C7E-87BE-85593A5E7365}.Release|x64.ActiveCfg = Release|Any CPU
		{04CF8F3B-4815-4C7E-87BE-85593A5E7365}.Release|x64.Build.0 = Release|Any CPU
		{04CF8F3B-4815-4C7E-87BE-85593A5E7365}.Release|x64.Deploy.0 = Release|Any CPU
		{04CF8F3B-4815-4C7E-87BE-85593A5E7365}.Release|x86.ActiveCfg = Release|Any CPU
		{04CF8F3B-4815-4C7E-87BE-85593A5E7365}.Release|x86.Build.0 = Release|Any CPU
		{04CF8F3B-4815-4C7E-87BE-85593A5E7365}.Release|x86.Deploy.0 = Release|Any CPU
		{C949D1E6-E699-4D47-BF09-6E08F89667E6}.Debug|Any CPU.ActiveCfg = Debug|x86
		{C949D1E6-E699-4D47-BF09-6E08F89667E6}.Debug|ARM.ActiveCfg = Debug|ARM
		{C949D1E6-E699-4D47-BF09-6E08F89667E6}.Debug|ARM.Build.0 = Debug|ARM
		{C949D1E6-E699-4D47-BF09-6E08F89667E6}.Debug|ARM.Deploy.0 = Debug|ARM
		{C949D1E6-E699-4D47-BF09-6E08F89667E6}.Debug|iPhone.ActiveCfg = Debug|x86
		{C949D1E6-E699-4D47-BF09-6E08F89667E6}.Debug|iPhoneSimulator.ActiveCfg = Debug|x86
		{C949D1E6-E699-4D47-BF09-6E08F89667E6}.Debug|x64.ActiveCfg = Debug|x64
		{C949D1E6-E699-4D47-BF09-6E08F89667E6}.Debug|x64.Build.0 = Debug|x64
		{C949D1E6-E699-4D47-BF09-6E08F89667E6}.Debug|x64.Deploy.0 = Debug|x64
		{C949D1E6-E699-4D47-BF09-6E08F89667E6}.Debug|x86.ActiveCfg = Debug|x86
		{C949D1E6-E699-4D47-BF09-6E08F89667E6}.Debug|x86.Build.0 = Debug|x86
		{C949D1E6-E699-4D47-BF09-6E08F89667E6}.Debug|x86.Deploy.0 = Debug|x86
		{C949D1E6-E699-4D47-BF09-6E08F89667E6}.Release|Any CPU.ActiveCfg = Release|x86
		{C949D1E6-E699-4D47-BF09-6E08F89667E6}.Release|ARM.ActiveCfg = Release|ARM
		{C949D1E6-E699-4D47-BF09-6E08F89667E6}.Release|ARM.Build.0 = Release|ARM
		{C949D1E6-E699-4D47-BF09-6E08F89667E6}.Release|ARM.Deploy.0 = Release|ARM
		{C949D1E6-E699-4D47-BF09-6E08F89667E6}.Release|iPhone.ActiveCfg = Release|x86
		{C949D1E6-E699-4D47-BF09-6E08F89667E6}.Release|iPhoneSimulator.ActiveCfg = Release|x86
		{C949D1E6-E699-4D47-BF09-6E08F89667E6}.Release|x64.ActiveCfg = Release|x64
		{C949D1E6-E699-4D47-BF09-6E08F89667E6}.Release|x64.Build.0 = Release|x64
		{C949D1E6-E699-4D47-BF09-6E08F89667E6}.Release|x64.Deploy.0 = Release|x64
		{C949D1E6-E699-4D47-BF09-6E08F89667E6}.Release|x86.ActiveCfg = Release|x86
		{C949D1E6-E699-4D47-BF09-6E08F89667E6}.Release|x86.Build.0 = Release|x86
		{C949D1E6-E699-4D47-BF09-6E08F89667E6}.Release|x86.Deploy.0 = Release|x86
		{ACBD3C3D-25FE-4C9D-8377-3586CFC1A96A}.Debug|Any CPU.ActiveCfg = Debug|Any CPU
		{ACBD3C3D-25FE-4C9D-8377-3586CFC1A96A}.Debug|Any CPU.Build.0 = Debug|Any CPU
		{ACBD3C3D-25FE-4C9D-8377-3586CFC1A96A}.Debug|Any CPU.Deploy.0 = Debug|Any CPU
		{ACBD3C3D-25FE-4C9D-8377-3586CFC1A96A}.Debug|ARM.ActiveCfg = Debug|Any CPU
		{ACBD3C3D-25FE-4C9D-8377-3586CFC1A96A}.Debug|ARM.Build.0 = Debug|Any CPU
		{ACBD3C3D-25FE-4C9D-8377-3586CFC1A96A}.Debug|ARM.Deploy.0 = Debug|Any CPU
		{ACBD3C3D-25FE-4C9D-8377-3586CFC1A96A}.Debug|iPhone.ActiveCfg = Debug|Any CPU
		{ACBD3C3D-25FE-4C9D-8377-3586CFC1A96A}.Debug|iPhone.Build.0 = Debug|Any CPU
		{ACBD3C3D-25FE-4C9D-8377-3586CFC1A96A}.Debug|iPhone.Deploy.0 = Debug|Any CPU
		{ACBD3C3D-25FE-4C9D-8377-3586CFC1A96A}.Debug|iPhoneSimulator.ActiveCfg = Debug|Any CPU
		{ACBD3C3D-25FE-4C9D-8377-3586CFC1A96A}.Debug|iPhoneSimulator.Build.0 = Debug|Any CPU
		{ACBD3C3D-25FE-4C9D-8377-3586CFC1A96A}.Debug|iPhoneSimulator.Deploy.0 = Debug|Any CPU
		{ACBD3C3D-25FE-4C9D-8377-3586CFC1A96A}.Debug|x64.ActiveCfg = Debug|Any CPU
		{ACBD3C3D-25FE-4C9D-8377-3586CFC1A96A}.Debug|x64.Build.0 = Debug|Any CPU
		{ACBD3C3D-25FE-4C9D-8377-3586CFC1A96A}.Debug|x64.Deploy.0 = Debug|Any CPU
		{ACBD3C3D-25FE-4C9D-8377-3586CFC1A96A}.Debug|x86.ActiveCfg = Debug|Any CPU
		{ACBD3C3D-25FE-4C9D-8377-3586CFC1A96A}.Debug|x86.Build.0 = Debug|Any CPU
		{ACBD3C3D-25FE-4C9D-8377-3586CFC1A96A}.Debug|x86.Deploy.0 = Debug|Any CPU
		{ACBD3C3D-25FE-4C9D-8377-3586CFC1A96A}.Release|Any CPU.ActiveCfg = Release|Any CPU
		{ACBD3C3D-25FE-4C9D-8377-3586CFC1A96A}.Release|Any CPU.Build.0 = Release|Any CPU
		{ACBD3C3D-25FE-4C9D-8377-3586CFC1A96A}.Release|Any CPU.Deploy.0 = Release|Any CPU
		{ACBD3C3D-25FE-4C9D-8377-3586CFC1A96A}.Release|ARM.ActiveCfg = Release|Any CPU
		{ACBD3C3D-25FE-4C9D-8377-3586CFC1A96A}.Release|ARM.Build.0 = Release|Any CPU
		{ACBD3C3D-25FE-4C9D-8377-3586CFC1A96A}.Release|ARM.Deploy.0 = Release|Any CPU
		{ACBD3C3D-25FE-4C9D-8377-3586CFC1A96A}.Release|iPhone.ActiveCfg = Release|Any CPU
		{ACBD3C3D-25FE-4C9D-8377-3586CFC1A96A}.Release|iPhone.Build.0 = Release|Any CPU
		{ACBD3C3D-25FE-4C9D-8377-3586CFC1A96A}.Release|iPhone.Deploy.0 = Release|Any CPU
		{ACBD3C3D-25FE-4C9D-8377-3586CFC1A96A}.Release|iPhoneSimulator.ActiveCfg = Release|Any CPU
		{ACBD3C3D-25FE-4C9D-8377-3586CFC1A96A}.Release|iPhoneSimulator.Build.0 = Release|Any CPU
		{ACBD3C3D-25FE-4C9D-8377-3586CFC1A96A}.Release|iPhoneSimulator.Deploy.0 = Release|Any CPU
		{ACBD3C3D-25FE-4C9D-8377-3586CFC1A96A}.Release|x64.ActiveCfg = Release|Any CPU
		{ACBD3C3D-25FE-4C9D-8377-3586CFC1A96A}.Release|x64.Build.0 = Release|Any CPU
		{ACBD3C3D-25FE-4C9D-8377-3586CFC1A96A}.Release|x64.Deploy.0 = Release|Any CPU
		{ACBD3C3D-25FE-4C9D-8377-3586CFC1A96A}.Release|x86.ActiveCfg = Release|Any CPU
		{ACBD3C3D-25FE-4C9D-8377-3586CFC1A96A}.Release|x86.Build.0 = Release|Any CPU
		{ACBD3C3D-25FE-4C9D-8377-3586CFC1A96A}.Release|x86.Deploy.0 = Release|Any CPU
		{160F1681-DB89-453B-B439-14BF50DE618B}.Debug|Any CPU.ActiveCfg = Debug|Any CPU
		{160F1681-DB89-453B-B439-14BF50DE618B}.Debug|Any CPU.Build.0 = Debug|Any CPU
		{160F1681-DB89-453B-B439-14BF50DE618B}.Debug|ARM.ActiveCfg = Debug|Any CPU
		{160F1681-DB89-453B-B439-14BF50DE618B}.Debug|ARM.Build.0 = Debug|Any CPU
		{160F1681-DB89-453B-B439-14BF50DE618B}.Debug|iPhone.ActiveCfg = Debug|Any CPU
		{160F1681-DB89-453B-B439-14BF50DE618B}.Debug|iPhone.Build.0 = Debug|Any CPU
		{160F1681-DB89-453B-B439-14BF50DE618B}.Debug|iPhoneSimulator.ActiveCfg = Debug|Any CPU
		{160F1681-DB89-453B-B439-14BF50DE618B}.Debug|iPhoneSimulator.Build.0 = Debug|Any CPU
		{160F1681-DB89-453B-B439-14BF50DE618B}.Debug|x64.ActiveCfg = Debug|Any CPU
		{160F1681-DB89-453B-B439-14BF50DE618B}.Debug|x64.Build.0 = Debug|Any CPU
		{160F1681-DB89-453B-B439-14BF50DE618B}.Debug|x86.ActiveCfg = Debug|Any CPU
		{160F1681-DB89-453B-B439-14BF50DE618B}.Debug|x86.Build.0 = Debug|Any CPU
		{160F1681-DB89-453B-B439-14BF50DE618B}.Release|Any CPU.ActiveCfg = Release|Any CPU
		{160F1681-DB89-453B-B439-14BF50DE618B}.Release|Any CPU.Build.0 = Release|Any CPU
		{160F1681-DB89-453B-B439-14BF50DE618B}.Release|ARM.ActiveCfg = Release|Any CPU
		{160F1681-DB89-453B-B439-14BF50DE618B}.Release|ARM.Build.0 = Release|Any CPU
		{160F1681-DB89-453B-B439-14BF50DE618B}.Release|iPhone.ActiveCfg = Release|Any CPU
		{160F1681-DB89-453B-B439-14BF50DE618B}.Release|iPhone.Build.0 = Release|Any CPU
		{160F1681-DB89-453B-B439-14BF50DE618B}.Release|iPhoneSimulator.ActiveCfg = Release|Any CPU
		{160F1681-DB89-453B-B439-14BF50DE618B}.Release|iPhoneSimulator.Build.0 = Release|Any CPU
		{160F1681-DB89-453B-B439-14BF50DE618B}.Release|x64.ActiveCfg = Release|Any CPU
		{160F1681-DB89-453B-B439-14BF50DE618B}.Release|x64.Build.0 = Release|Any CPU
		{160F1681-DB89-453B-B439-14BF50DE618B}.Release|x86.ActiveCfg = Release|Any CPU
		{160F1681-DB89-453B-B439-14BF50DE618B}.Release|x86.Build.0 = Release|Any CPU
		{03E31727-6AFC-4AFA-8D4B-5D42932276D7}.Debug|Any CPU.ActiveCfg = Debug|Any CPU
		{03E31727-6AFC-4AFA-8D4B-5D42932276D7}.Debug|Any CPU.Build.0 = Debug|Any CPU
		{03E31727-6AFC-4AFA-8D4B-5D42932276D7}.Debug|ARM.ActiveCfg = Debug|Any CPU
		{03E31727-6AFC-4AFA-8D4B-5D42932276D7}.Debug|ARM.Build.0 = Debug|Any CPU
		{03E31727-6AFC-4AFA-8D4B-5D42932276D7}.Debug|iPhone.ActiveCfg = Debug|Any CPU
		{03E31727-6AFC-4AFA-8D4B-5D42932276D7}.Debug|iPhone.Build.0 = Debug|Any CPU
		{03E31727-6AFC-4AFA-8D4B-5D42932276D7}.Debug|iPhoneSimulator.ActiveCfg = Debug|Any CPU
		{03E31727-6AFC-4AFA-8D4B-5D42932276D7}.Debug|iPhoneSimulator.Build.0 = Debug|Any CPU
		{03E31727-6AFC-4AFA-8D4B-5D42932276D7}.Debug|x64.ActiveCfg = Debug|Any CPU
		{03E31727-6AFC-4AFA-8D4B-5D42932276D7}.Debug|x64.Build.0 = Debug|Any CPU
		{03E31727-6AFC-4AFA-8D4B-5D42932276D7}.Debug|x86.ActiveCfg = Debug|Any CPU
		{03E31727-6AFC-4AFA-8D4B-5D42932276D7}.Debug|x86.Build.0 = Debug|Any CPU
		{03E31727-6AFC-4AFA-8D4B-5D42932276D7}.Release|Any CPU.ActiveCfg = Release|Any CPU
		{03E31727-6AFC-4AFA-8D4B-5D42932276D7}.Release|Any CPU.Build.0 = Release|Any CPU
		{03E31727-6AFC-4AFA-8D4B-5D42932276D7}.Release|ARM.ActiveCfg = Release|Any CPU
		{03E31727-6AFC-4AFA-8D4B-5D42932276D7}.Release|ARM.Build.0 = Release|Any CPU
		{03E31727-6AFC-4AFA-8D4B-5D42932276D7}.Release|iPhone.ActiveCfg = Release|Any CPU
		{03E31727-6AFC-4AFA-8D4B-5D42932276D7}.Release|iPhone.Build.0 = Release|Any CPU
		{03E31727-6AFC-4AFA-8D4B-5D42932276D7}.Release|iPhoneSimulator.ActiveCfg = Release|Any CPU
		{03E31727-6AFC-4AFA-8D4B-5D42932276D7}.Release|iPhoneSimulator.Build.0 = Release|Any CPU
		{03E31727-6AFC-4AFA-8D4B-5D42932276D7}.Release|x64.ActiveCfg = Release|Any CPU
		{03E31727-6AFC-4AFA-8D4B-5D42932276D7}.Release|x64.Build.0 = Release|Any CPU
		{03E31727-6AFC-4AFA-8D4B-5D42932276D7}.Release|x86.ActiveCfg = Release|Any CPU
		{03E31727-6AFC-4AFA-8D4B-5D42932276D7}.Release|x86.Build.0 = Release|Any CPU
		{B399DA57-48F5-49F3-982C-5873A1FBDED4}.Debug|Any CPU.ActiveCfg = Debug|x86
		{B399DA57-48F5-49F3-982C-5873A1FBDED4}.Debug|ARM.ActiveCfg = Debug|ARM
		{B399DA57-48F5-49F3-982C-5873A1FBDED4}.Debug|ARM.Build.0 = Debug|ARM
		{B399DA57-48F5-49F3-982C-5873A1FBDED4}.Debug|ARM.Deploy.0 = Debug|ARM
		{B399DA57-48F5-49F3-982C-5873A1FBDED4}.Debug|iPhone.ActiveCfg = Debug|x86
		{B399DA57-48F5-49F3-982C-5873A1FBDED4}.Debug|iPhoneSimulator.ActiveCfg = Debug|x86
		{B399DA57-48F5-49F3-982C-5873A1FBDED4}.Debug|x64.ActiveCfg = Debug|x64
		{B399DA57-48F5-49F3-982C-5873A1FBDED4}.Debug|x64.Build.0 = Debug|x64
		{B399DA57-48F5-49F3-982C-5873A1FBDED4}.Debug|x64.Deploy.0 = Debug|x64
		{B399DA57-48F5-49F3-982C-5873A1FBDED4}.Debug|x86.ActiveCfg = Debug|x86
		{B399DA57-48F5-49F3-982C-5873A1FBDED4}.Debug|x86.Build.0 = Debug|x86
		{B399DA57-48F5-49F3-982C-5873A1FBDED4}.Debug|x86.Deploy.0 = Debug|x86
		{B399DA57-48F5-49F3-982C-5873A1FBDED4}.Release|Any CPU.ActiveCfg = Release|x86
		{B399DA57-48F5-49F3-982C-5873A1FBDED4}.Release|ARM.ActiveCfg = Release|ARM
		{B399DA57-48F5-49F3-982C-5873A1FBDED4}.Release|ARM.Build.0 = Release|ARM
		{B399DA57-48F5-49F3-982C-5873A1FBDED4}.Release|ARM.Deploy.0 = Release|ARM
		{B399DA57-48F5-49F3-982C-5873A1FBDED4}.Release|iPhone.ActiveCfg = Release|x86
		{B399DA57-48F5-49F3-982C-5873A1FBDED4}.Release|iPhoneSimulator.ActiveCfg = Release|x86
		{B399DA57-48F5-49F3-982C-5873A1FBDED4}.Release|x64.ActiveCfg = Release|x64
		{B399DA57-48F5-49F3-982C-5873A1FBDED4}.Release|x64.Build.0 = Release|x64
		{B399DA57-48F5-49F3-982C-5873A1FBDED4}.Release|x64.Deploy.0 = Release|x64
		{B399DA57-48F5-49F3-982C-5873A1FBDED4}.Release|x86.ActiveCfg = Release|x86
		{B399DA57-48F5-49F3-982C-5873A1FBDED4}.Release|x86.Build.0 = Release|x86
		{B399DA57-48F5-49F3-982C-5873A1FBDED4}.Release|x86.Deploy.0 = Release|x86
		{52BF1BAE-11C5-494B-B7C7-EC3C63390F1C}.Debug|Any CPU.ActiveCfg = Debug|x86
		{52BF1BAE-11C5-494B-B7C7-EC3C63390F1C}.Debug|ARM.ActiveCfg = Debug|ARM
		{52BF1BAE-11C5-494B-B7C7-EC3C63390F1C}.Debug|ARM.Build.0 = Debug|ARM
		{52BF1BAE-11C5-494B-B7C7-EC3C63390F1C}.Debug|ARM.Deploy.0 = Debug|ARM
		{52BF1BAE-11C5-494B-B7C7-EC3C63390F1C}.Debug|iPhone.ActiveCfg = Debug|x86
		{52BF1BAE-11C5-494B-B7C7-EC3C63390F1C}.Debug|iPhoneSimulator.ActiveCfg = Debug|x86
		{52BF1BAE-11C5-494B-B7C7-EC3C63390F1C}.Debug|x64.ActiveCfg = Debug|x64
		{52BF1BAE-11C5-494B-B7C7-EC3C63390F1C}.Debug|x64.Build.0 = Debug|x64
		{52BF1BAE-11C5-494B-B7C7-EC3C63390F1C}.Debug|x64.Deploy.0 = Debug|x64
		{52BF1BAE-11C5-494B-B7C7-EC3C63390F1C}.Debug|x86.ActiveCfg = Debug|x86
		{52BF1BAE-11C5-494B-B7C7-EC3C63390F1C}.Debug|x86.Build.0 = Debug|x86
		{52BF1BAE-11C5-494B-B7C7-EC3C63390F1C}.Debug|x86.Deploy.0 = Debug|x86
		{52BF1BAE-11C5-494B-B7C7-EC3C63390F1C}.Release|Any CPU.ActiveCfg = Release|x86
		{52BF1BAE-11C5-494B-B7C7-EC3C63390F1C}.Release|ARM.ActiveCfg = Release|ARM
		{52BF1BAE-11C5-494B-B7C7-EC3C63390F1C}.Release|ARM.Build.0 = Release|ARM
		{52BF1BAE-11C5-494B-B7C7-EC3C63390F1C}.Release|ARM.Deploy.0 = Release|ARM
		{52BF1BAE-11C5-494B-B7C7-EC3C63390F1C}.Release|iPhone.ActiveCfg = Release|x86
		{52BF1BAE-11C5-494B-B7C7-EC3C63390F1C}.Release|iPhoneSimulator.ActiveCfg = Release|x86
		{52BF1BAE-11C5-494B-B7C7-EC3C63390F1C}.Release|x64.ActiveCfg = Release|x64
		{52BF1BAE-11C5-494B-B7C7-EC3C63390F1C}.Release|x64.Build.0 = Release|x64
		{52BF1BAE-11C5-494B-B7C7-EC3C63390F1C}.Release|x64.Deploy.0 = Release|x64
		{52BF1BAE-11C5-494B-B7C7-EC3C63390F1C}.Release|x86.ActiveCfg = Release|x86
		{52BF1BAE-11C5-494B-B7C7-EC3C63390F1C}.Release|x86.Build.0 = Release|x86
		{52BF1BAE-11C5-494B-B7C7-EC3C63390F1C}.Release|x86.Deploy.0 = Release|x86
		{582CC3FE-996E-4954-B6C5-0FD6D3E93A80}.Debug|Any CPU.ActiveCfg = Debug|Any CPU
		{582CC3FE-996E-4954-B6C5-0FD6D3E93A80}.Debug|Any CPU.Build.0 = Debug|Any CPU
		{582CC3FE-996E-4954-B6C5-0FD6D3E93A80}.Debug|Any CPU.Deploy.0 = Debug|Any CPU
		{582CC3FE-996E-4954-B6C5-0FD6D3E93A80}.Debug|ARM.ActiveCfg = Debug|Any CPU
		{582CC3FE-996E-4954-B6C5-0FD6D3E93A80}.Debug|ARM.Build.0 = Debug|Any CPU
		{582CC3FE-996E-4954-B6C5-0FD6D3E93A80}.Debug|ARM.Deploy.0 = Debug|Any CPU
		{582CC3FE-996E-4954-B6C5-0FD6D3E93A80}.Debug|iPhone.ActiveCfg = Debug|Any CPU
		{582CC3FE-996E-4954-B6C5-0FD6D3E93A80}.Debug|iPhone.Build.0 = Debug|Any CPU
		{582CC3FE-996E-4954-B6C5-0FD6D3E93A80}.Debug|iPhone.Deploy.0 = Debug|Any CPU
		{582CC3FE-996E-4954-B6C5-0FD6D3E93A80}.Debug|iPhoneSimulator.ActiveCfg = Debug|Any CPU
		{582CC3FE-996E-4954-B6C5-0FD6D3E93A80}.Debug|iPhoneSimulator.Build.0 = Debug|Any CPU
		{582CC3FE-996E-4954-B6C5-0FD6D3E93A80}.Debug|iPhoneSimulator.Deploy.0 = Debug|Any CPU
		{582CC3FE-996E-4954-B6C5-0FD6D3E93A80}.Debug|x64.ActiveCfg = Debug|Any CPU
		{582CC3FE-996E-4954-B6C5-0FD6D3E93A80}.Debug|x64.Build.0 = Debug|Any CPU
		{582CC3FE-996E-4954-B6C5-0FD6D3E93A80}.Debug|x64.Deploy.0 = Debug|Any CPU
		{582CC3FE-996E-4954-B6C5-0FD6D3E93A80}.Debug|x86.ActiveCfg = Debug|Any CPU
		{582CC3FE-996E-4954-B6C5-0FD6D3E93A80}.Debug|x86.Build.0 = Debug|Any CPU
		{582CC3FE-996E-4954-B6C5-0FD6D3E93A80}.Debug|x86.Deploy.0 = Debug|Any CPU
		{582CC3FE-996E-4954-B6C5-0FD6D3E93A80}.Release|Any CPU.ActiveCfg = Release|Any CPU
		{582CC3FE-996E-4954-B6C5-0FD6D3E93A80}.Release|Any CPU.Build.0 = Release|Any CPU
		{582CC3FE-996E-4954-B6C5-0FD6D3E93A80}.Release|Any CPU.Deploy.0 = Release|Any CPU
		{582CC3FE-996E-4954-B6C5-0FD6D3E93A80}.Release|ARM.ActiveCfg = Release|Any CPU
		{582CC3FE-996E-4954-B6C5-0FD6D3E93A80}.Release|ARM.Build.0 = Release|Any CPU
		{582CC3FE-996E-4954-B6C5-0FD6D3E93A80}.Release|ARM.Deploy.0 = Release|Any CPU
		{582CC3FE-996E-4954-B6C5-0FD6D3E93A80}.Release|iPhone.ActiveCfg = Release|Any CPU
		{582CC3FE-996E-4954-B6C5-0FD6D3E93A80}.Release|iPhone.Build.0 = Release|Any CPU
		{582CC3FE-996E-4954-B6C5-0FD6D3E93A80}.Release|iPhone.Deploy.0 = Release|Any CPU
		{582CC3FE-996E-4954-B6C5-0FD6D3E93A80}.Release|iPhoneSimulator.ActiveCfg = Release|Any CPU
		{582CC3FE-996E-4954-B6C5-0FD6D3E93A80}.Release|iPhoneSimulator.Build.0 = Release|Any CPU
		{582CC3FE-996E-4954-B6C5-0FD6D3E93A80}.Release|iPhoneSimulator.Deploy.0 = Release|Any CPU
		{582CC3FE-996E-4954-B6C5-0FD6D3E93A80}.Release|x64.ActiveCfg = Release|Any CPU
		{582CC3FE-996E-4954-B6C5-0FD6D3E93A80}.Release|x64.Build.0 = Release|Any CPU
		{582CC3FE-996E-4954-B6C5-0FD6D3E93A80}.Release|x64.Deploy.0 = Release|Any CPU
		{582CC3FE-996E-4954-B6C5-0FD6D3E93A80}.Release|x86.ActiveCfg = Release|Any CPU
		{582CC3FE-996E-4954-B6C5-0FD6D3E93A80}.Release|x86.Build.0 = Release|Any CPU
		{582CC3FE-996E-4954-B6C5-0FD6D3E93A80}.Release|x86.Deploy.0 = Release|Any CPU
		{480A0723-45CC-4B2E-B44A-24DFB6523A1F}.Debug|Any CPU.ActiveCfg = Debug|Any CPU
		{480A0723-45CC-4B2E-B44A-24DFB6523A1F}.Debug|Any CPU.Build.0 = Debug|Any CPU
		{480A0723-45CC-4B2E-B44A-24DFB6523A1F}.Debug|ARM.ActiveCfg = Debug|Any CPU
		{480A0723-45CC-4B2E-B44A-24DFB6523A1F}.Debug|ARM.Build.0 = Debug|Any CPU
		{480A0723-45CC-4B2E-B44A-24DFB6523A1F}.Debug|iPhone.ActiveCfg = Debug|Any CPU
		{480A0723-45CC-4B2E-B44A-24DFB6523A1F}.Debug|iPhone.Build.0 = Debug|Any CPU
		{480A0723-45CC-4B2E-B44A-24DFB6523A1F}.Debug|iPhoneSimulator.ActiveCfg = Debug|Any CPU
		{480A0723-45CC-4B2E-B44A-24DFB6523A1F}.Debug|iPhoneSimulator.Build.0 = Debug|Any CPU
		{480A0723-45CC-4B2E-B44A-24DFB6523A1F}.Debug|x64.ActiveCfg = Debug|Any CPU
		{480A0723-45CC-4B2E-B44A-24DFB6523A1F}.Debug|x64.Build.0 = Debug|Any CPU
		{480A0723-45CC-4B2E-B44A-24DFB6523A1F}.Debug|x86.ActiveCfg = Debug|Any CPU
		{480A0723-45CC-4B2E-B44A-24DFB6523A1F}.Debug|x86.Build.0 = Debug|Any CPU
		{480A0723-45CC-4B2E-B44A-24DFB6523A1F}.Release|Any CPU.ActiveCfg = Release|Any CPU
		{480A0723-45CC-4B2E-B44A-24DFB6523A1F}.Release|Any CPU.Build.0 = Release|Any CPU
		{480A0723-45CC-4B2E-B44A-24DFB6523A1F}.Release|ARM.ActiveCfg = Release|Any CPU
		{480A0723-45CC-4B2E-B44A-24DFB6523A1F}.Release|ARM.Build.0 = Release|Any CPU
		{480A0723-45CC-4B2E-B44A-24DFB6523A1F}.Release|iPhone.ActiveCfg = Release|Any CPU
		{480A0723-45CC-4B2E-B44A-24DFB6523A1F}.Release|iPhone.Build.0 = Release|Any CPU
		{480A0723-45CC-4B2E-B44A-24DFB6523A1F}.Release|iPhoneSimulator.ActiveCfg = Release|Any CPU
		{480A0723-45CC-4B2E-B44A-24DFB6523A1F}.Release|iPhoneSimulator.Build.0 = Release|Any CPU
		{480A0723-45CC-4B2E-B44A-24DFB6523A1F}.Release|x64.ActiveCfg = Release|Any CPU
		{480A0723-45CC-4B2E-B44A-24DFB6523A1F}.Release|x64.Build.0 = Release|Any CPU
		{480A0723-45CC-4B2E-B44A-24DFB6523A1F}.Release|x86.ActiveCfg = Release|Any CPU
		{480A0723-45CC-4B2E-B44A-24DFB6523A1F}.Release|x86.Build.0 = Release|Any CPU
		{A248A4A6-0B78-42CC-A596-A24DB45BEF16}.Debug|Any CPU.ActiveCfg = Debug|x86
		{A248A4A6-0B78-42CC-A596-A24DB45BEF16}.Debug|ARM.ActiveCfg = Debug|ARM
		{A248A4A6-0B78-42CC-A596-A24DB45BEF16}.Debug|ARM.Build.0 = Debug|ARM
		{A248A4A6-0B78-42CC-A596-A24DB45BEF16}.Debug|ARM.Deploy.0 = Debug|ARM
		{A248A4A6-0B78-42CC-A596-A24DB45BEF16}.Debug|iPhone.ActiveCfg = Debug|x86
		{A248A4A6-0B78-42CC-A596-A24DB45BEF16}.Debug|iPhoneSimulator.ActiveCfg = Debug|x86
		{A248A4A6-0B78-42CC-A596-A24DB45BEF16}.Debug|x64.ActiveCfg = Debug|x64
		{A248A4A6-0B78-42CC-A596-A24DB45BEF16}.Debug|x64.Build.0 = Debug|x64
		{A248A4A6-0B78-42CC-A596-A24DB45BEF16}.Debug|x64.Deploy.0 = Debug|x64
		{A248A4A6-0B78-42CC-A596-A24DB45BEF16}.Debug|x86.ActiveCfg = Debug|x86
		{A248A4A6-0B78-42CC-A596-A24DB45BEF16}.Debug|x86.Build.0 = Debug|x86
		{A248A4A6-0B78-42CC-A596-A24DB45BEF16}.Debug|x86.Deploy.0 = Debug|x86
		{A248A4A6-0B78-42CC-A596-A24DB45BEF16}.Release|Any CPU.ActiveCfg = Release|x86
		{A248A4A6-0B78-42CC-A596-A24DB45BEF16}.Release|ARM.ActiveCfg = Release|ARM
		{A248A4A6-0B78-42CC-A596-A24DB45BEF16}.Release|ARM.Build.0 = Release|ARM
		{A248A4A6-0B78-42CC-A596-A24DB45BEF16}.Release|ARM.Deploy.0 = Release|ARM
		{A248A4A6-0B78-42CC-A596-A24DB45BEF16}.Release|iPhone.ActiveCfg = Release|x86
		{A248A4A6-0B78-42CC-A596-A24DB45BEF16}.Release|iPhoneSimulator.ActiveCfg = Release|x86
		{A248A4A6-0B78-42CC-A596-A24DB45BEF16}.Release|x64.ActiveCfg = Release|x64
		{A248A4A6-0B78-42CC-A596-A24DB45BEF16}.Release|x64.Build.0 = Release|x64
		{A248A4A6-0B78-42CC-A596-A24DB45BEF16}.Release|x64.Deploy.0 = Release|x64
		{A248A4A6-0B78-42CC-A596-A24DB45BEF16}.Release|x86.ActiveCfg = Release|x86
		{A248A4A6-0B78-42CC-A596-A24DB45BEF16}.Release|x86.Build.0 = Release|x86
		{A248A4A6-0B78-42CC-A596-A24DB45BEF16}.Release|x86.Deploy.0 = Release|x86
		{CBC1E970-8BB1-4191-84BB-C45AA902DC96}.Debug|Any CPU.ActiveCfg = Debug|Any CPU
		{CBC1E970-8BB1-4191-84BB-C45AA902DC96}.Debug|Any CPU.Build.0 = Debug|Any CPU
		{CBC1E970-8BB1-4191-84BB-C45AA902DC96}.Debug|Any CPU.Deploy.0 = Debug|Any CPU
		{CBC1E970-8BB1-4191-84BB-C45AA902DC96}.Debug|ARM.ActiveCfg = Debug|Any CPU
		{CBC1E970-8BB1-4191-84BB-C45AA902DC96}.Debug|ARM.Build.0 = Debug|Any CPU
		{CBC1E970-8BB1-4191-84BB-C45AA902DC96}.Debug|ARM.Deploy.0 = Debug|Any CPU
		{CBC1E970-8BB1-4191-84BB-C45AA902DC96}.Debug|iPhone.ActiveCfg = Debug|Any CPU
		{CBC1E970-8BB1-4191-84BB-C45AA902DC96}.Debug|iPhone.Build.0 = Debug|Any CPU
		{CBC1E970-8BB1-4191-84BB-C45AA902DC96}.Debug|iPhone.Deploy.0 = Debug|Any CPU
		{CBC1E970-8BB1-4191-84BB-C45AA902DC96}.Debug|iPhoneSimulator.ActiveCfg = Debug|Any CPU
		{CBC1E970-8BB1-4191-84BB-C45AA902DC96}.Debug|iPhoneSimulator.Build.0 = Debug|Any CPU
		{CBC1E970-8BB1-4191-84BB-C45AA902DC96}.Debug|iPhoneSimulator.Deploy.0 = Debug|Any CPU
		{CBC1E970-8BB1-4191-84BB-C45AA902DC96}.Debug|x64.ActiveCfg = Debug|Any CPU
		{CBC1E970-8BB1-4191-84BB-C45AA902DC96}.Debug|x64.Build.0 = Debug|Any CPU
		{CBC1E970-8BB1-4191-84BB-C45AA902DC96}.Debug|x64.Deploy.0 = Debug|Any CPU
		{CBC1E970-8BB1-4191-84BB-C45AA902DC96}.Debug|x86.ActiveCfg = Debug|Any CPU
		{CBC1E970-8BB1-4191-84BB-C45AA902DC96}.Debug|x86.Build.0 = Debug|Any CPU
		{CBC1E970-8BB1-4191-84BB-C45AA902DC96}.Debug|x86.Deploy.0 = Debug|Any CPU
		{CBC1E970-8BB1-4191-84BB-C45AA902DC96}.Release|Any CPU.ActiveCfg = Release|Any CPU
		{CBC1E970-8BB1-4191-84BB-C45AA902DC96}.Release|Any CPU.Build.0 = Release|Any CPU
		{CBC1E970-8BB1-4191-84BB-C45AA902DC96}.Release|Any CPU.Deploy.0 = Release|Any CPU
		{CBC1E970-8BB1-4191-84BB-C45AA902DC96}.Release|ARM.ActiveCfg = Release|Any CPU
		{CBC1E970-8BB1-4191-84BB-C45AA902DC96}.Release|ARM.Build.0 = Release|Any CPU
		{CBC1E970-8BB1-4191-84BB-C45AA902DC96}.Release|ARM.Deploy.0 = Release|Any CPU
		{CBC1E970-8BB1-4191-84BB-C45AA902DC96}.Release|iPhone.ActiveCfg = Release|Any CPU
		{CBC1E970-8BB1-4191-84BB-C45AA902DC96}.Release|iPhone.Build.0 = Release|Any CPU
		{CBC1E970-8BB1-4191-84BB-C45AA902DC96}.Release|iPhone.Deploy.0 = Release|Any CPU
		{CBC1E970-8BB1-4191-84BB-C45AA902DC96}.Release|iPhoneSimulator.ActiveCfg = Release|Any CPU
		{CBC1E970-8BB1-4191-84BB-C45AA902DC96}.Release|iPhoneSimulator.Build.0 = Release|Any CPU
		{CBC1E970-8BB1-4191-84BB-C45AA902DC96}.Release|iPhoneSimulator.Deploy.0 = Release|Any CPU
		{CBC1E970-8BB1-4191-84BB-C45AA902DC96}.Release|x64.ActiveCfg = Release|Any CPU
		{CBC1E970-8BB1-4191-84BB-C45AA902DC96}.Release|x64.Build.0 = Release|Any CPU
		{CBC1E970-8BB1-4191-84BB-C45AA902DC96}.Release|x64.Deploy.0 = Release|Any CPU
		{CBC1E970-8BB1-4191-84BB-C45AA902DC96}.Release|x86.ActiveCfg = Release|Any CPU
		{CBC1E970-8BB1-4191-84BB-C45AA902DC96}.Release|x86.Build.0 = Release|Any CPU
		{CBC1E970-8BB1-4191-84BB-C45AA902DC96}.Release|x86.Deploy.0 = Release|Any CPU
		{35A07773-AB69-4500-B338-6BEEC822F3AD}.Debug|Any CPU.ActiveCfg = Debug|Any CPU
		{35A07773-AB69-4500-B338-6BEEC822F3AD}.Debug|Any CPU.Build.0 = Debug|Any CPU
		{35A07773-AB69-4500-B338-6BEEC822F3AD}.Debug|ARM.ActiveCfg = Debug|Any CPU
		{35A07773-AB69-4500-B338-6BEEC822F3AD}.Debug|ARM.Build.0 = Debug|Any CPU
		{35A07773-AB69-4500-B338-6BEEC822F3AD}.Debug|iPhone.ActiveCfg = Debug|Any CPU
		{35A07773-AB69-4500-B338-6BEEC822F3AD}.Debug|iPhone.Build.0 = Debug|Any CPU
		{35A07773-AB69-4500-B338-6BEEC822F3AD}.Debug|iPhoneSimulator.ActiveCfg = Debug|Any CPU
		{35A07773-AB69-4500-B338-6BEEC822F3AD}.Debug|iPhoneSimulator.Build.0 = Debug|Any CPU
		{35A07773-AB69-4500-B338-6BEEC822F3AD}.Debug|x64.ActiveCfg = Debug|Any CPU
		{35A07773-AB69-4500-B338-6BEEC822F3AD}.Debug|x64.Build.0 = Debug|Any CPU
		{35A07773-AB69-4500-B338-6BEEC822F3AD}.Debug|x86.ActiveCfg = Debug|Any CPU
		{35A07773-AB69-4500-B338-6BEEC822F3AD}.Debug|x86.Build.0 = Debug|Any CPU
		{35A07773-AB69-4500-B338-6BEEC822F3AD}.Release|Any CPU.ActiveCfg = Release|Any CPU
		{35A07773-AB69-4500-B338-6BEEC822F3AD}.Release|Any CPU.Build.0 = Release|Any CPU
		{35A07773-AB69-4500-B338-6BEEC822F3AD}.Release|ARM.ActiveCfg = Release|Any CPU
		{35A07773-AB69-4500-B338-6BEEC822F3AD}.Release|ARM.Build.0 = Release|Any CPU
		{35A07773-AB69-4500-B338-6BEEC822F3AD}.Release|iPhone.ActiveCfg = Release|Any CPU
		{35A07773-AB69-4500-B338-6BEEC822F3AD}.Release|iPhone.Build.0 = Release|Any CPU
		{35A07773-AB69-4500-B338-6BEEC822F3AD}.Release|iPhoneSimulator.ActiveCfg = Release|Any CPU
		{35A07773-AB69-4500-B338-6BEEC822F3AD}.Release|iPhoneSimulator.Build.0 = Release|Any CPU
		{35A07773-AB69-4500-B338-6BEEC822F3AD}.Release|x64.ActiveCfg = Release|Any CPU
		{35A07773-AB69-4500-B338-6BEEC822F3AD}.Release|x64.Build.0 = Release|Any CPU
		{35A07773-AB69-4500-B338-6BEEC822F3AD}.Release|x86.ActiveCfg = Release|Any CPU
		{35A07773-AB69-4500-B338-6BEEC822F3AD}.Release|x86.Build.0 = Release|Any CPU
		{D7088618-7139-43F0-AB41-A2137599780A}.Debug|Any CPU.ActiveCfg = Debug|Any CPU
		{D7088618-7139-43F0-AB41-A2137599780A}.Debug|Any CPU.Build.0 = Debug|Any CPU
		{D7088618-7139-43F0-AB41-A2137599780A}.Debug|ARM.ActiveCfg = Debug|Any CPU
		{D7088618-7139-43F0-AB41-A2137599780A}.Debug|ARM.Build.0 = Debug|Any CPU
		{D7088618-7139-43F0-AB41-A2137599780A}.Debug|iPhone.ActiveCfg = Debug|Any CPU
		{D7088618-7139-43F0-AB41-A2137599780A}.Debug|iPhone.Build.0 = Debug|Any CPU
		{D7088618-7139-43F0-AB41-A2137599780A}.Debug|iPhoneSimulator.ActiveCfg = Debug|Any CPU
		{D7088618-7139-43F0-AB41-A2137599780A}.Debug|iPhoneSimulator.Build.0 = Debug|Any CPU
		{D7088618-7139-43F0-AB41-A2137599780A}.Debug|x64.ActiveCfg = Debug|Any CPU
		{D7088618-7139-43F0-AB41-A2137599780A}.Debug|x64.Build.0 = Debug|Any CPU
		{D7088618-7139-43F0-AB41-A2137599780A}.Debug|x86.ActiveCfg = Debug|Any CPU
		{D7088618-7139-43F0-AB41-A2137599780A}.Debug|x86.Build.0 = Debug|Any CPU
		{D7088618-7139-43F0-AB41-A2137599780A}.Release|Any CPU.ActiveCfg = Release|Any CPU
		{D7088618-7139-43F0-AB41-A2137599780A}.Release|Any CPU.Build.0 = Release|Any CPU
		{D7088618-7139-43F0-AB41-A2137599780A}.Release|ARM.ActiveCfg = Release|Any CPU
		{D7088618-7139-43F0-AB41-A2137599780A}.Release|ARM.Build.0 = Release|Any CPU
		{D7088618-7139-43F0-AB41-A2137599780A}.Release|iPhone.ActiveCfg = Release|Any CPU
		{D7088618-7139-43F0-AB41-A2137599780A}.Release|iPhone.Build.0 = Release|Any CPU
		{D7088618-7139-43F0-AB41-A2137599780A}.Release|iPhoneSimulator.ActiveCfg = Release|Any CPU
		{D7088618-7139-43F0-AB41-A2137599780A}.Release|iPhoneSimulator.Build.0 = Release|Any CPU
		{D7088618-7139-43F0-AB41-A2137599780A}.Release|x64.ActiveCfg = Release|Any CPU
		{D7088618-7139-43F0-AB41-A2137599780A}.Release|x64.Build.0 = Release|Any CPU
		{D7088618-7139-43F0-AB41-A2137599780A}.Release|x86.ActiveCfg = Release|Any CPU
		{D7088618-7139-43F0-AB41-A2137599780A}.Release|x86.Build.0 = Release|Any CPU
		{927B4BB9-7EF1-47D4-9071-6EEC7E85141D}.Debug|Any CPU.ActiveCfg = Debug|Any CPU
		{927B4BB9-7EF1-47D4-9071-6EEC7E85141D}.Debug|Any CPU.Build.0 = Debug|Any CPU
		{927B4BB9-7EF1-47D4-9071-6EEC7E85141D}.Debug|Any CPU.Deploy.0 = Debug|Any CPU
		{927B4BB9-7EF1-47D4-9071-6EEC7E85141D}.Debug|ARM.ActiveCfg = Debug|Any CPU
		{927B4BB9-7EF1-47D4-9071-6EEC7E85141D}.Debug|ARM.Build.0 = Debug|Any CPU
		{927B4BB9-7EF1-47D4-9071-6EEC7E85141D}.Debug|ARM.Deploy.0 = Debug|Any CPU
		{927B4BB9-7EF1-47D4-9071-6EEC7E85141D}.Debug|iPhone.ActiveCfg = Debug|Any CPU
		{927B4BB9-7EF1-47D4-9071-6EEC7E85141D}.Debug|iPhone.Build.0 = Debug|Any CPU
		{927B4BB9-7EF1-47D4-9071-6EEC7E85141D}.Debug|iPhone.Deploy.0 = Debug|Any CPU
		{927B4BB9-7EF1-47D4-9071-6EEC7E85141D}.Debug|iPhoneSimulator.ActiveCfg = Debug|Any CPU
		{927B4BB9-7EF1-47D4-9071-6EEC7E85141D}.Debug|iPhoneSimulator.Build.0 = Debug|Any CPU
		{927B4BB9-7EF1-47D4-9071-6EEC7E85141D}.Debug|iPhoneSimulator.Deploy.0 = Debug|Any CPU
		{927B4BB9-7EF1-47D4-9071-6EEC7E85141D}.Debug|x64.ActiveCfg = Debug|Any CPU
		{927B4BB9-7EF1-47D4-9071-6EEC7E85141D}.Debug|x64.Build.0 = Debug|Any CPU
		{927B4BB9-7EF1-47D4-9071-6EEC7E85141D}.Debug|x64.Deploy.0 = Debug|Any CPU
		{927B4BB9-7EF1-47D4-9071-6EEC7E85141D}.Debug|x86.ActiveCfg = Debug|Any CPU
		{927B4BB9-7EF1-47D4-9071-6EEC7E85141D}.Debug|x86.Build.0 = Debug|Any CPU
		{927B4BB9-7EF1-47D4-9071-6EEC7E85141D}.Debug|x86.Deploy.0 = Debug|Any CPU
		{927B4BB9-7EF1-47D4-9071-6EEC7E85141D}.Release|Any CPU.ActiveCfg = Release|Any CPU
		{927B4BB9-7EF1-47D4-9071-6EEC7E85141D}.Release|Any CPU.Build.0 = Release|Any CPU
		{927B4BB9-7EF1-47D4-9071-6EEC7E85141D}.Release|Any CPU.Deploy.0 = Release|Any CPU
		{927B4BB9-7EF1-47D4-9071-6EEC7E85141D}.Release|ARM.ActiveCfg = Release|Any CPU
		{927B4BB9-7EF1-47D4-9071-6EEC7E85141D}.Release|ARM.Build.0 = Release|Any CPU
		{927B4BB9-7EF1-47D4-9071-6EEC7E85141D}.Release|ARM.Deploy.0 = Release|Any CPU
		{927B4BB9-7EF1-47D4-9071-6EEC7E85141D}.Release|iPhone.ActiveCfg = Release|Any CPU
		{927B4BB9-7EF1-47D4-9071-6EEC7E85141D}.Release|iPhone.Build.0 = Release|Any CPU
		{927B4BB9-7EF1-47D4-9071-6EEC7E85141D}.Release|iPhone.Deploy.0 = Release|Any CPU
		{927B4BB9-7EF1-47D4-9071-6EEC7E85141D}.Release|iPhoneSimulator.ActiveCfg = Release|Any CPU
		{927B4BB9-7EF1-47D4-9071-6EEC7E85141D}.Release|iPhoneSimulator.Build.0 = Release|Any CPU
		{927B4BB9-7EF1-47D4-9071-6EEC7E85141D}.Release|iPhoneSimulator.Deploy.0 = Release|Any CPU
		{927B4BB9-7EF1-47D4-9071-6EEC7E85141D}.Release|x64.ActiveCfg = Release|Any CPU
		{927B4BB9-7EF1-47D4-9071-6EEC7E85141D}.Release|x64.Build.0 = Release|Any CPU
		{927B4BB9-7EF1-47D4-9071-6EEC7E85141D}.Release|x64.Deploy.0 = Release|Any CPU
		{927B4BB9-7EF1-47D4-9071-6EEC7E85141D}.Release|x86.ActiveCfg = Release|Any CPU
		{927B4BB9-7EF1-47D4-9071-6EEC7E85141D}.Release|x86.Build.0 = Release|Any CPU
		{927B4BB9-7EF1-47D4-9071-6EEC7E85141D}.Release|x86.Deploy.0 = Release|Any CPU
		{0129BDE5-538B-4197-8540-0BCF5770926F}.Debug|Any CPU.ActiveCfg = Debug|x86
		{0129BDE5-538B-4197-8540-0BCF5770926F}.Debug|ARM.ActiveCfg = Debug|ARM
		{0129BDE5-538B-4197-8540-0BCF5770926F}.Debug|ARM.Build.0 = Debug|ARM
		{0129BDE5-538B-4197-8540-0BCF5770926F}.Debug|ARM.Deploy.0 = Debug|ARM
		{0129BDE5-538B-4197-8540-0BCF5770926F}.Debug|iPhone.ActiveCfg = Debug|x86
		{0129BDE5-538B-4197-8540-0BCF5770926F}.Debug|iPhoneSimulator.ActiveCfg = Debug|x86
		{0129BDE5-538B-4197-8540-0BCF5770926F}.Debug|x64.ActiveCfg = Debug|x64
		{0129BDE5-538B-4197-8540-0BCF5770926F}.Debug|x64.Build.0 = Debug|x64
		{0129BDE5-538B-4197-8540-0BCF5770926F}.Debug|x64.Deploy.0 = Debug|x64
		{0129BDE5-538B-4197-8540-0BCF5770926F}.Debug|x86.ActiveCfg = Debug|x86
		{0129BDE5-538B-4197-8540-0BCF5770926F}.Debug|x86.Build.0 = Debug|x86
		{0129BDE5-538B-4197-8540-0BCF5770926F}.Debug|x86.Deploy.0 = Debug|x86
		{0129BDE5-538B-4197-8540-0BCF5770926F}.Release|Any CPU.ActiveCfg = Release|x86
		{0129BDE5-538B-4197-8540-0BCF5770926F}.Release|ARM.ActiveCfg = Release|ARM
		{0129BDE5-538B-4197-8540-0BCF5770926F}.Release|ARM.Build.0 = Release|ARM
		{0129BDE5-538B-4197-8540-0BCF5770926F}.Release|ARM.Deploy.0 = Release|ARM
		{0129BDE5-538B-4197-8540-0BCF5770926F}.Release|iPhone.ActiveCfg = Release|x86
		{0129BDE5-538B-4197-8540-0BCF5770926F}.Release|iPhoneSimulator.ActiveCfg = Release|x86
		{0129BDE5-538B-4197-8540-0BCF5770926F}.Release|x64.ActiveCfg = Release|x64
		{0129BDE5-538B-4197-8540-0BCF5770926F}.Release|x64.Build.0 = Release|x64
		{0129BDE5-538B-4197-8540-0BCF5770926F}.Release|x64.Deploy.0 = Release|x64
		{0129BDE5-538B-4197-8540-0BCF5770926F}.Release|x86.ActiveCfg = Release|x86
		{0129BDE5-538B-4197-8540-0BCF5770926F}.Release|x86.Build.0 = Release|x86
		{0129BDE5-538B-4197-8540-0BCF5770926F}.Release|x86.Deploy.0 = Release|x86
	EndGlobalSection
	GlobalSection(SolutionProperties) = preSolution
		HideSolutionNode = FALSE
	EndGlobalSection
	GlobalSection(NestedProjects) = preSolution
		{33360E5E-4AF6-4A84-A4B5-7747FF37D38C} = {0AD192A5-F9DB-4230-AC42-BFDB6E53AC44}
		{22374695-4B5C-4EC8-BD7A-6BBDBA0FDA70} = {0AD192A5-F9DB-4230-AC42-BFDB6E53AC44}
		{0E20C349-A935-489D-8E80-9C8712D3FEB0} = {0AD192A5-F9DB-4230-AC42-BFDB6E53AC44}
		{600865C2-78A8-434F-AA56-B644DF3EEC73} = {0AD192A5-F9DB-4230-AC42-BFDB6E53AC44}
		{121D8D1D-4C24-41DF-9066-6FD70B43033A} = {4701766F-CCA5-4776-8E83-7A6B42071182}
		{B17766BB-868F-4D3D-8D63-7777F2F43E70} = {4701766F-CCA5-4776-8E83-7A6B42071182}
		{F31CBA8F-3362-494F-A321-4493FCAE3B35} = {4701766F-CCA5-4776-8E83-7A6B42071182}
		{3A129F2E-B428-4F3B-8ADD-E02F92B613E9} = {5C945CCB-883F-4612-9B2C-EF24AD20A352}
		{61404E3C-8F54-4062-9CF7-82508E82B49E} = {3A129F2E-B428-4F3B-8ADD-E02F92B613E9}
		{A4051445-357E-42C4-9292-F53A67451CA2} = {3A129F2E-B428-4F3B-8ADD-E02F92B613E9}
		{82A174FA-13BF-436D-946C-E4C00958F249} = {3A129F2E-B428-4F3B-8ADD-E02F92B613E9}
		{F310871E-6633-4DC2-8549-74F5B5E7ADE2} = {61477F12-F420-40B5-98F1-7BB58E31D949}
		{9C130D92-3240-407C-8E41-FFB15A5B3D75} = {61477F12-F420-40B5-98F1-7BB58E31D949}
		{C548E352-9C4D-4A43-B092-02B0421E7CB4} = {61477F12-F420-40B5-98F1-7BB58E31D949}
		{341AD6CF-F79B-43BF-BDF6-18D35FFB1C36} = {5C945CCB-883F-4612-9B2C-EF24AD20A352}
		{D86901D3-4CB6-48B6-8965-F45ED586C7CB} = {341AD6CF-F79B-43BF-BDF6-18D35FFB1C36}
		{E91025F5-0FBF-4EFF-91D4-925B9D5042FF} = {341AD6CF-F79B-43BF-BDF6-18D35FFB1C36}
		{32F42488-D3FE-47C7-BA01-2F504467D777} = {341AD6CF-F79B-43BF-BDF6-18D35FFB1C36}
		{6699EF42-5764-4622-94AF-DD19B59A94EA} = {06D8D1B2-F5C7-4701-83EE-23A34DB666DD}
		{9CF13A4C-368C-4A71-9EAC-6680E86AA611} = {06D8D1B2-F5C7-4701-83EE-23A34DB666DD}
		{A0E1143C-BC36-4980-B0C2-3FD1A1D3C39A} = {06D8D1B2-F5C7-4701-83EE-23A34DB666DD}
		{AB27D0F6-5017-4DA0-8405-68D119099218} = {5C945CCB-883F-4612-9B2C-EF24AD20A352}
		{A707A53E-4AEC-460B-A62E-C7E38721699D} = {AB27D0F6-5017-4DA0-8405-68D119099218}
		{C2F77A58-FEB8-4BCC-A925-883EB22B2CF0} = {AB27D0F6-5017-4DA0-8405-68D119099218}
		{04CF8F3B-4815-4C7E-87BE-85593A5E7365} = {AB27D0F6-5017-4DA0-8405-68D119099218}
		{C949D1E6-E699-4D47-BF09-6E08F89667E6} = {E5DFCA7C-EF5A-45F2-B4F0-3C996185B30B}
		{ACBD3C3D-25FE-4C9D-8377-3586CFC1A96A} = {E5DFCA7C-EF5A-45F2-B4F0-3C996185B30B}
		{160F1681-DB89-453B-B439-14BF50DE618B} = {E5DFCA7C-EF5A-45F2-B4F0-3C996185B30B}
		{6A6C35C1-97F6-4D61-A05C-B1B9389BE339} = {5C945CCB-883F-4612-9B2C-EF24AD20A352}
		{03E31727-6AFC-4AFA-8D4B-5D42932276D7} = {6A6C35C1-97F6-4D61-A05C-B1B9389BE339}
		{B399DA57-48F5-49F3-982C-5873A1FBDED4} = {6A6C35C1-97F6-4D61-A05C-B1B9389BE339}
		{52BF1BAE-11C5-494B-B7C7-EC3C63390F1C} = {36194D8E-3006-4978-8367-492D078B3EC2}
		{582CC3FE-996E-4954-B6C5-0FD6D3E93A80} = {36194D8E-3006-4978-8367-492D078B3EC2}
		{480A0723-45CC-4B2E-B44A-24DFB6523A1F} = {36194D8E-3006-4978-8367-492D078B3EC2}
		{A248A4A6-0B78-42CC-A596-A24DB45BEF16} = {DFFB4F2C-F39C-487D-94CE-01B2693069DF}
		{CBC1E970-8BB1-4191-84BB-C45AA902DC96} = {DFFB4F2C-F39C-487D-94CE-01B2693069DF}
		{35A07773-AB69-4500-B338-6BEEC822F3AD} = {DFFB4F2C-F39C-487D-94CE-01B2693069DF}
		{6F350CF0-83EF-4BF4-AC19-C4C45526A757} = {5C945CCB-883F-4612-9B2C-EF24AD20A352}
		{D7088618-7139-43F0-AB41-A2137599780A} = {6F350CF0-83EF-4BF4-AC19-C4C45526A757}
		{927B4BB9-7EF1-47D4-9071-6EEC7E85141D} = {6F350CF0-83EF-4BF4-AC19-C4C45526A757}
		{0129BDE5-538B-4197-8540-0BCF5770926F} = {6F350CF0-83EF-4BF4-AC19-C4C45526A757}
	EndGlobalSection
	GlobalSection(ExtensibilityGlobals) = postSolution
		SolutionGuid = {46A91ABA-E38F-45B3-9105-FCC430857153}
	EndGlobalSection
EndGlobal
